// !$*UTF8*$!
{
	archiveVersion = 1;
	classes = {
	};
	objectVersion = 46;
	objects = {

/* Begin PBXBuildFile section */
		469FBE351A4F74A400334A3E /* main.m in Sources */ = {isa = PBXBuildFile; fileRef = 469FBE341A4F74A400334A3E /* main.m */; };
		469FBE381A4F74A400334A3E /* AppDelegate.m in Sources */ = {isa = PBXBuildFile; fileRef = 469FBE371A4F74A400334A3E /* AppDelegate.m */; };
		469FBE3B1A4F74A400334A3E /* ViewController.m in Sources */ = {isa = PBXBuildFile; fileRef = 469FBE3A1A4F74A400334A3E /* ViewController.m */; };
		469FBE3E1A4F74A400334A3E /* Main.storyboard in Resources */ = {isa = PBXBuildFile; fileRef = 469FBE3C1A4F74A400334A3E /* Main.storyboard */; };
		469FBE401A4F74A400334A3E /* Images.xcassets in Resources */ = {isa = PBXBuildFile; fileRef = 469FBE3F1A4F74A400334A3E /* Images.xcassets */; };
		469FBE431A4F74A400334A3E /* LaunchScreen.xib in Resources */ = {isa = PBXBuildFile; fileRef = 469FBE411A4F74A400334A3E /* LaunchScreen.xib */; };
		469FBE4F1A4F74A400334A3E /* _8__Paint_MeTests.m in Sources */ = {isa = PBXBuildFile; fileRef = 469FBE4E1A4F74A400334A3E /* _8__Paint_MeTests.m */; };
/* End PBXBuildFile section */

/* Begin PBXContainerItemProxy section */
		469FBE491A4F74A400334A3E /* PBXContainerItemProxy */ = {
			isa = PBXContainerItemProxy;
			containerPortal = 469FBE271A4F74A400334A3E /* Project object */;
			proxyType = 1;
			remoteGlobalIDString = 469FBE2E1A4F74A400334A3E;
			remoteInfo = "18. Paint Me";
		};
/* End PBXContainerItemProxy section */

/* Begin PBXFileReference section */
		469FBE2F1A4F74A400334A3E /* 18. Paint Me.app */ = {isa = PBXFileReference; explicitFileType = wrapper.application; includeInIndex = 0; path = "18. Paint Me.app"; sourceTree = BUILT_PRODUCTS_DIR; };
		469FBE331A4F74A400334A3E /* Info.plist */ = {isa = PBXFileReference; lastKnownFileType = text.plist.xml; path = Info.plist; sourceTree = "<group>"; };
		469FBE341A4F74A400334A3E /* main.m */ = {isa = PBXFileReference; lastKnownFileType = sourcecode.c.objc; path = main.m; sourceTree = "<group>"; };
		469FBE361A4F74A400334A3E /* AppDelegate.h */ = {isa = PBXFileReference; lastKnownFileType = sourcecode.c.h; path = AppDelegate.h; sourceTree = "<group>"; };
		469FBE371A4F74A400334A3E /* AppDelegate.m */ = {isa = PBXFileReference; lastKnownFileType = sourcecode.c.objc; path = AppDelegate.m; sourceTree = "<group>"; };
		469FBE391A4F74A400334A3E /* ViewController.h */ = {isa = PBXFileReference; lastKnownFileType = sourcecode.c.h; path = ViewController.h; sourceTree = "<group>"; };
		469FBE3A1A4F74A400334A3E /* ViewController.m */ = {isa = PBXFileReference; lastKnownFileType = sourcecode.c.objc; path = ViewController.m; sourceTree = "<group>"; };
		469FBE3D1A4F74A400334A3E /* Base */ = {isa = PBXFileReference; lastKnownFileType = file.storyboard; name = Base; path = Base.lproj/Main.storyboard; sourceTree = "<group>"; };
		469FBE3F1A4F74A400334A3E /* Images.xcassets */ = {isa = PBXFileReference; lastKnownFileType = folder.assetcatalog; path = Images.xcassets; sourceTree = "<group>"; };
		469FBE421A4F74A400334A3E /* Base */ = {isa = PBXFileReference; lastKnownFileType = file.xib; name = Base; path = Base.lproj/LaunchScreen.xib; sourceTree = "<group>"; };
		469FBE481A4F74A400334A3E /* 18. Paint MeTests.xctest */ = {isa = PBXFileReference; explicitFileType = wrapper.cfbundle; includeInIndex = 0; path = "18. Paint MeTests.xctest"; sourceTree = BUILT_PRODUCTS_DIR; };
		469FBE4D1A4F74A400334A3E /* Info.plist */ = {isa = PBXFileReference; lastKnownFileType = text.plist.xml; path = Info.plist; sourceTree = "<group>"; };
		469FBE4E1A4F74A400334A3E /* _8__Paint_MeTests.m */ = {isa = PBXFileReference; lastKnownFileType = sourcecode.c.objc; path = _8__Paint_MeTests.m; sourceTree = "<group>"; };
/* End PBXFileReference section */

/* Begin PBXFrameworksBuildPhase section */
		469FBE2C1A4F74A400334A3E /* Frameworks */ = {
			isa = PBXFrameworksBuildPhase;
			buildActionMask = 2147483647;
			files = (
			);
			runOnlyForDeploymentPostprocessing = 0;
		};
		469FBE451A4F74A400334A3E /* Frameworks */ = {
			isa = PBXFrameworksBuildPhase;
			buildActionMask = 2147483647;
			files = (
			);
			runOnlyForDeploymentPostprocessing = 0;
		};
/* End PBXFrameworksBuildPhase section */

/* Begin PBXGroup section */
		469FBE261A4F74A400334A3E = {
			isa = PBXGroup;
			children = (
				469FBE311A4F74A400334A3E /* 18. Paint Me */,
				469FBE4B1A4F74A400334A3E /* 18. Paint MeTests */,
				469FBE301A4F74A400334A3E /* Products */,
			);
			sourceTree = "<group>";
		};
		469FBE301A4F74A400334A3E /* Products */ = {
			isa = PBXGroup;
			children = (
				469FBE2F1A4F74A400334A3E /* 18. Paint Me.app */,
				469FBE481A4F74A400334A3E /* 18. Paint MeTests.xctest */,
			);
			name = Products;
			sourceTree = "<group>";
		};
		469FBE311A4F74A400334A3E /* 18. Paint Me */ = {
			isa = PBXGroup;
			children = (
				469FBE361A4F74A400334A3E /* AppDelegate.h */,
				469FBE371A4F74A400334A3E /* AppDelegate.m */,
				469FBE391A4F74A400334A3E /* ViewController.h */,
				469FBE3A1A4F74A400334A3E /* ViewController.m */,
				469FBE3C1A4F74A400334A3E /* Main.storyboard */,
				469FBE3F1A4F74A400334A3E /* Images.xcassets */,
				469FBE411A4F74A400334A3E /* LaunchScreen.xib */,
				469FBE321A4F74A400334A3E /* Supporting Files */,
			);
			path = "18. Paint Me";
			sourceTree = "<group>";
		};
		469FBE321A4F74A400334A3E /* Supporting Files */ = {
			isa = PBXGroup;
			children = (
				469FBE331A4F74A400334A3E /* Info.plist */,
				469FBE341A4F74A400334A3E /* main.m */,
			);
			name = "Supporting Files";
			sourceTree = "<group>";
		};
		469FBE4B1A4F74A400334A3E /* 18. Paint MeTests */ = {
			isa = PBXGroup;
			children = (
				469FBE4E1A4F74A400334A3E /* _8__Paint_MeTests.m */,
				469FBE4C1A4F74A400334A3E /* Supporting Files */,
			);
			path = "18. Paint MeTests";
			sourceTree = "<group>";
		};
		469FBE4C1A4F74A400334A3E /* Supporting Files */ = {
			isa = PBXGroup;
			children = (
				469FBE4D1A4F74A400334A3E /* Info.plist */,
			);
			name = "Supporting Files";
			sourceTree = "<group>";
		};
/* End PBXGroup section */

/* Begin PBXNativeTarget section */
		469FBE2E1A4F74A400334A3E /* 18. Paint Me */ = {
			isa = PBXNativeTarget;
			buildConfigurationList = 469FBE521A4F74A400334A3E /* Build configuration list for PBXNativeTarget "18. Paint Me" */;
			buildPhases = (
				469FBE2B1A4F74A400334A3E /* Sources */,
				469FBE2C1A4F74A400334A3E /* Frameworks */,
				469FBE2D1A4F74A400334A3E /* Resources */,
			);
			buildRules = (
			);
			dependencies = (
			);
			name = "18. Paint Me";
			productName = "18. Paint Me";
			productReference = 469FBE2F1A4F74A400334A3E /* 18. Paint Me.app */;
			productType = "com.apple.product-type.application";
		};
		469FBE471A4F74A400334A3E /* 18. Paint MeTests */ = {
			isa = PBXNativeTarget;
			buildConfigurationList = 469FBE551A4F74A400334A3E /* Build configuration list for PBXNativeTarget "18. Paint MeTests" */;
			buildPhases = (
				469FBE441A4F74A400334A3E /* Sources */,
				469FBE451A4F74A400334A3E /* Frameworks */,
				469FBE461A4F74A400334A3E /* Resources */,
			);
			buildRules = (
			);
			dependencies = (
				469FBE4A1A4F74A400334A3E /* PBXTargetDependency */,
			);
			name = "18. Paint MeTests";
			productName = "18. Paint MeTests";
			productReference = 469FBE481A4F74A400334A3E /* 18. Paint MeTests.xctest */;
			productType = "com.apple.product-type.bundle.unit-test";
		};
/* End PBXNativeTarget section */

/* Begin PBXProject section */
		469FBE271A4F74A400334A3E /* Project object */ = {
			isa = PBXProject;
			attributes = {
				LastUpgradeCheck = 0610;
				ORGANIZATIONNAME = "IceCube Software Ltd.";
				TargetAttributes = {
					469FBE2E1A4F74A400334A3E = {
						CreatedOnToolsVersion = 6.1.1;
					};
					469FBE471A4F74A400334A3E = {
						CreatedOnToolsVersion = 6.1.1;
						TestTargetID = 469FBE2E1A4F74A400334A3E;
					};
				};
			};
			buildConfigurationList = 469FBE2A1A4F74A400334A3E /* Build configuration list for PBXProject "18. Paint Me" */;
			compatibilityVersion = "Xcode 3.2";
			developmentRegion = English;
			hasScannedForEncodings = 0;
			knownRegions = (
				en,
				Base,
			);
			mainGroup = 469FBE261A4F74A400334A3E;
			productRefGroup = 469FBE301A4F74A400334A3E /* Products */;
			projectDirPath = "";
			projectRoot = "";
			targets = (
				469FBE2E1A4F74A400334A3E /* 18. Paint Me */,
				469FBE471A4F74A400334A3E /* 18. Paint MeTests */,
			);
		};
/* End PBXProject section */

/* Begin PBXResourcesBuildPhase section */
		469FBE2D1A4F74A400334A3E /* Resources */ = {
			isa = PBXResourcesBuildPhase;
			buildActionMask = 2147483647;
			files = (
				469FBE3E1A4F74A400334A3E /* Main.storyboard in Resources */,
				469FBE431A4F74A400334A3E /* LaunchScreen.xib in Resources */,
				469FBE401A4F74A400334A3E /* Images.xcassets in Resources */,
			);
			runOnlyForDeploymentPostprocessing = 0;
		};
		469FBE461A4F74A400334A3E /* Resources */ = {
			isa = PBXResourcesBuildPhase;
			buildActionMask = 2147483647;
			files = (
			);
			runOnlyForDeploymentPostprocessing = 0;
		};
/* End PBXResourcesBuildPhase section */

/* Begin PBXSourcesBuildPhase section */
		469FBE2B1A4F74A400334A3E /* Sources */ = {
			isa = PBXSourcesBuildPhase;
			buildActionMask = 2147483647;
			files = (
				469FBE3B1A4F74A400334A3E /* ViewController.m in Sources */,
				469FBE381A4F74A400334A3E /* AppDelegate.m in Sources */,
				469FBE351A4F74A400334A3E /* main.m in Sources */,
			);
			runOnlyForDeploymentPostprocessing = 0;
		};
		469FBE441A4F74A400334A3E /* Sources */ = {
			isa = PBXSourcesBuildPhase;
			buildActionMask = 2147483647;
			files = (
				469FBE4F1A4F74A400334A3E /* _8__Paint_MeTests.m in Sources */,
			);
			runOnlyForDeploymentPostprocessing = 0;
		};
/* End PBXSourcesBuildPhase section */

/* Begin PBXTargetDependency section */
		469FBE4A1A4F74A400334A3E /* PBXTargetDependency */ = {
			isa = PBXTargetDependency;
			target = 469FBE2E1A4F74A400334A3E /* 18. Paint Me */;
			targetProxy = 469FBE491A4F74A400334A3E /* PBXContainerItemProxy */;
		};
/* End PBXTargetDependency section */

/* Begin PBXVariantGroup section */
		469FBE3C1A4F74A400334A3E /* Main.storyboard */ = {
			isa = PBXVariantGroup;
			children = (
				469FBE3D1A4F74A400334A3E /* Base */,
			);
			name = Main.storyboard;
			sourceTree = "<group>";
		};
		469FBE411A4F74A400334A3E /* LaunchScreen.xib */ = {
			isa = PBXVariantGroup;
			children = (
				469FBE421A4F74A400334A3E /* Base */,
			);
			name = LaunchScreen.xib;
			sourceTree = "<group>";
		};
/* End PBXVariantGroup section */

/* Begin XCBuildConfiguration section */
		469FBE501A4F74A400334A3E /* Debug */ = {
			isa = XCBuildConfiguration;
			buildSettings = {
				ALWAYS_SEARCH_USER_PATHS = NO;
				CLANG_CXX_LANGUAGE_STANDARD = "gnu++0x";
				CLANG_CXX_LIBRARY = "libc++";
				CLANG_ENABLE_MODULES = YES;
				CLANG_ENABLE_OBJC_ARC = YES;
				CLANG_WARN_BOOL_CONVERSION = YES;
				CLANG_WARN_CONSTANT_CONVERSION = YES;
				CLANG_WARN_DIRECT_OBJC_ISA_USAGE = YES_ERROR;
				CLANG_WARN_EMPTY_BODY = YES;
				CLANG_WARN_ENUM_CONVERSION = YES;
				CLANG_WARN_INT_CONVERSION = YES;
				CLANG_WARN_OBJC_ROOT_CLASS = YES_ERROR;
				CLANG_WARN_UNREACHABLE_CODE = YES;
				CLANG_WARN__DUPLICATE_METHOD_MATCH = YES;
				"CODE_SIGN_IDENTITY[sdk=iphoneos*]" = "iPhone Developer";
				COPY_PHASE_STRIP = NO;
				ENABLE_STRICT_OBJC_MSGSEND = YES;
				GCC_C_LANGUAGE_STANDARD = gnu99;
				GCC_DYNAMIC_NO_PIC = NO;
				GCC_OPTIMIZATION_LEVEL = 0;
				GCC_PREPROCESSOR_DEFINITIONS = (
					"DEBUG=1",
					"$(inherited)",
				);
				GCC_SYMBOLS_PRIVATE_EXTERN = NO;
				GCC_WARN_64_TO_32_BIT_CONVERSION = YES;
				GCC_WARN_ABOUT_RETURN_TYPE = YES_ERROR;
				GCC_WARN_UNDECLARED_SELECTOR = YES;
				GCC_WARN_UNINITIALIZED_AUTOS = YES_AGGRESSIVE;
				GCC_WARN_UNUSED_FUNCTION = YES;
				GCC_WARN_UNUSED_VARIABLE = YES;
				IPHONEOS_DEPLOYMENT_TARGET = 8.1;
				MTL_ENABLE_DEBUG_INFO = YES;
				ONLY_ACTIVE_ARCH = YES;
				SDKROOT = iphoneos;
				TARGETED_DEVICE_FAMILY = 2;
			};
			name = Debug;
		};
		469FBE511A4F74A400334A3E /* Release */ = {
			isa = XCBuildConfiguration;
			buildSettings = {
				ALWAYS_SEARCH_USER_PATHS = NO;
				CLANG_CXX_LANGUAGE_STANDARD = "gnu++0x";
				CLANG_CXX_LIBRARY = "libc++";
				CLANG_ENABLE_MODULES = YES;
				CLANG_ENABLE_OBJC_ARC = YES;
				CLANG_WARN_BOOL_CONVERSION = YES;
				CLANG_WARN_CONSTANT_CONVERSION = YES;
				CLANG_WARN_DIRECT_OBJC_ISA_USAGE = YES_ERROR;
				CLANG_WARN_EMPTY_BODY = YES;
				CLANG_WARN_ENUM_CONVERSION = YES;
				CLANG_WARN_INT_CONVERSION = YES;
				CLANG_WARN_OBJC_ROOT_CLASS = YES_ERROR;
				CLANG_WARN_UNREACHABLE_CODE = YES;
				CLANG_WARN__DUPLICATE_METHOD_MATCH = YES;
				"CODE_SIGN_IDENTITY[sdk=iphoneos*]" = "iPhone Developer";
				COPY_PHASE_STRIP = YES;
				ENABLE_NS_ASSERTIONS = NO;
				ENABLE_STRICT_OBJC_MSGSEND = YES;
				GCC_C_LANGUAGE_STANDARD = gnu99;
				GCC_WARN_64_TO_32_BIT_CONVERSION = YES;
				GCC_WARN_ABOUT_RETURN_TYPE = YES_ERROR;
				GCC_WARN_UNDECLARED_SELECTOR = YES;
				GCC_WARN_UNINITIALIZED_AUTOS = YES_AGGRESSIVE;
				GCC_WARN_UNUSED_FUNCTION = YES;
				GCC_WARN_UNUSED_VARIABLE = YES;
				IPHONEOS_DEPLOYMENT_TARGET = 8.1;
				MTL_ENABLE_DEBUG_INFO = NO;
				SDKROOT = iphoneos;
				TARGETED_DEVICE_FAMILY = 2;
				VALIDATE_PRODUCT = YES;
			};
			name = Release;
		};
		469FBE531A4F74A400334A3E /* Debug */ = {
			isa = XCBuildConfiguration;
			buildSettings = {
				ASSETCATALOG_COMPILER_APPICON_NAME = AppIcon;
				INFOPLIST_FILE = "18. Paint Me/Info.plist";
				LD_RUNPATH_SEARCH_PATHS = "$(inherited) @executable_path/Frameworks";
				PRODUCT_NAME = "$(TARGET_NAME)";
			};
			name = Debug;
		};
		469FBE541A4F74A400334A3E /* Release */ = {
			isa = XCBuildConfiguration;
			buildSettings = {
				ASSETCATALOG_COMPILER_APPICON_NAME = AppIcon;
				INFOPLIST_FILE = "18. Paint Me/Info.plist";
				LD_RUNPATH_SEARCH_PATHS = "$(inherited) @executable_path/Frameworks";
				PRODUCT_NAME = "$(TARGET_NAME)";
			};
			name = Release;
		};
		469FBE561A4F74A400334A3E /* Debug */ = {
			isa = XCBuildConfiguration;
			buildSettings = {
				BUNDLE_LOADER = "$(TEST_HOST)";
				FRAMEWORK_SEARCH_PATHS = (
					"$(SDKROOT)/Developer/Library/Frameworks",
					"$(inherited)",
				);
				GCC_PREPROCESSOR_DEFINITIONS = (
					"DEBUG=1",
					"$(inherited)",
				);
				INFOPLIST_FILE = "18. Paint MeTests/Info.plist";
				LD_RUNPATH_SEARCH_PATHS = "$(inherited) @executable_path/Frameworks @loader_path/Frameworks";
				PRODUCT_NAME = "$(TARGET_NAME)";
				TEST_HOST = "$(BUILT_PRODUCTS_DIR)/18. Paint Me.app/18. Paint Me";
			};
			name = Debug;
		};
		469FBE571A4F74A400334A3E /* Release */ = {
			isa = XCBuildConfiguration;
			buildSettings = {
				BUNDLE_LOADER = "$(TEST_HOST)";
				FRAMEWORK_SEARCH_PATHS = (
					"$(SDKROOT)/Developer/Library/Frameworks",
					"$(inherited)",
				);
				INFOPLIST_FILE = "18. Paint MeTests/Info.plist";
				LD_RUNPATH_SEARCH_PATHS = "$(inherited) @executable_path/Frameworks @loader_path/Frameworks";
				PRODUCT_NAME = "$(TARGET_NAME)";
				TEST_HOST = "$(BUILT_PRODUCTS_DIR)/18. Paint Me.app/18. Paint Me";
			};
			name = Release;
		};
/* End XCBuildConfiguration section */

/* Begin XCConfigurationList section */
		469FBE2A1A4F74A400334A3E /* Build configuration list for PBXProject "18. Paint Me" */ = {
			isa = XCConfigurationList;
			buildConfigurations = (
				469FBE501A4F74A400334A3E /* Debug */,
				469FBE511A4F74A400334A3E /* Release */,
			);
			defaultConfigurationIsVisible = 0;
			defaultConfigurationName = Release;
		};
		469FBE521A4F74A400334A3E /* Build configuration list for PBXNativeTarget "18. Paint Me" */ = {
			isa = XCConfigurationList;
			buildConfigurations = (
				469FBE531A4F74A400334A3E /* Debug */,
				469FBE541A4F74A400334A3E /* Release */,
			);
			defaultConfigurationIsVisible = 0;
		};
		469FBE551A4F74A400334A3E /* Build configuration list for PBXNativeTarget "18. Paint MeTests" */ = {
			isa = XCConfigurationList;
			buildConfigurations = (
				469FBE561A4F74A400334A3E /* Debug */,
				469FBE571A4F74A400334A3E /* Release */,
			);
			defaultConfigurationIsVisible = 0;
		};
/* End XCConfigurationList section */
	};
	rootObject = 469FBE271A4F74A400334A3E /* Project object */;
}
