PODS:
  - BetweenKit (2.0.0)
  - Expecta (0.3.1)
  - Specta (0.2.1)

DEPENDENCIES:
  - BetweenKit (from `../`)
  - Expecta
  - Specta (~> 0.2.1)

EXTERNAL SOURCES:
  BetweenKit:
    :path: ../

SPEC CHECKSUMS:
  BetweenKit: fb15ba068df00bb02fd4ad3b716f61c28dc990ed
  Expecta: 03aabd0a89d8dea843baecb19a7fd7466a69a31d
  Specta: 9141310f46b1f68b676650ff2854e1ed0b74163a

COCOAPODS: 0.33.1
