PODS:
  - BetweenKit (2.0.0)
  - Expecta (0.3.1)
  - OCMock (3.1.1)
  - Specta (0.3.0.beta1)

DEPENDENCIES:
  - BetweenKit (from `../`)
  - Expecta
  - OCMock (~> 3.1.1)
  - Specta (from `https://github.com/specta/specta.git`, tag `v0.3.0.beta1`)

EXTERNAL SOURCES:
  BetweenKit:
    :path: ../
  Specta:
    :git: https://github.com/specta/specta.git
    :tag: v0.3.0.beta1

CHECKOUT OPTIONS:
  Specta:
    :git: https://github.com/specta/specta.git
    :tag: v0.3.0.beta1

SPEC CHECKSUMS:
  BetweenKit: 7b6c5f43f853ee691a0f3b9d8cdbae8533dca58b
  Expecta: 03aabd0a89d8dea843baecb19a7fd7466a69a31d
  OCMock: f6cb8c162ab9d5620dddf411282c7b2c0ee78854
  Specta: 63e8ac8e07db6675c7096d37f77a266a1be4c02d

COCOAPODS: 0.35.0
