// !$*UTF8*$!
{
	archiveVersion = 1;
	classes = {
	};
	objectVersion = 46;
	objects = {

/* Begin PBXBuildFile section */
		14CCCFCB9F1F4C51A34244FD /* libPods-BetweenKit.a in Frameworks */ = {isa = PBXBuildFile; fileRef = 6ED897CA3FFE4D2C80F8598E /* libPods-BetweenKit.a */; };
		4633303D1A194AEB00EBE25D /* I3DragDataSourceFixtures.m in Sources */ = {isa = PBXBuildFile; fileRef = 4633303C1A194AEB00EBE25D /* I3DragDataSourceFixtures.m */; };
		4633303F1A194BC800EBE25D /* I3CollectionFixture.m in Sources */ = {isa = PBXBuildFile; fileRef = 4633303E1A194BC800EBE25D /* I3CollectionFixture.m */; };
		463330411A1A205B00EBE25D /* UITableView+I3CollectionTest.m in Sources */ = {isa = PBXBuildFile; fileRef = 463330401A1A205B00EBE25D /* UITableView+I3CollectionTest.m */; };
		463330461A1A299100EBE25D /* UICollectionView+I3CollectionTest.m in Sources */ = {isa = PBXBuildFile; fileRef = 463330451A1A299100EBE25D /* UICollectionView+I3CollectionTest.m */; };
		466BA24B1A3C9CCB006CD452 /* I3GestureCoordinatorTests.m in Sources */ = {isa = PBXBuildFile; fileRef = 466BA2491A3C9CCB006CD452 /* I3GestureCoordinatorTests.m */; };
		467AFC8619C5E20D00FFD1F4 /* LICENSE.md in Resources */ = {isa = PBXBuildFile; fileRef = 467AFC8519C5E20D00FFD1F4 /* LICENSE.md */; };
		467B35261A1F7AA70000A77C /* I3DataSourceControllerFixture.m in Sources */ = {isa = PBXBuildFile; fileRef = 467B35251A1F7AA70000A77C /* I3DataSourceControllerFixture.m */; };
		467B35291A1F93050000A77C /* I32ExchangeableTablesViewController.m in Sources */ = {isa = PBXBuildFile; fileRef = 467B35281A1F93050000A77C /* I32ExchangeableTablesViewController.m */; };
		4681C91B1A214D5B00504DF6 /* I32DeleteableTablesViewController.m in Sources */ = {isa = PBXBuildFile; fileRef = 4681C91A1A214D5B00504DF6 /* I32DeleteableTablesViewController.m */; };
		46866CFB19D42E1E00C45CCD /* I3DragArenaTest.m in Sources */ = {isa = PBXBuildFile; fileRef = 46866CFA19D42E1E00C45CCD /* I3DragArenaTest.m */; };
		4694A4AF1A1A317900E0AB9B /* UIView+I3Collection.m in Sources */ = {isa = PBXBuildFile; fileRef = 4694A4AE1A1A317900E0AB9B /* UIView+I3Collection.m */; };
		46A1877B19CF46A20061B355 /* I3BasicRenderDelegateTests.m in Sources */ = {isa = PBXBuildFile; fileRef = 46A1877A19CF46A20061B355 /* I3BasicRenderDelegateTests.m */; };
		46A1878019CF5DC20061B355 /* I3CloneViewTest.m in Sources */ = {isa = PBXBuildFile; fileRef = 46A1877F19CF5DC20061B355 /* I3CloneViewTest.m */; };
		6003F58E195388D20070C39A /* Foundation.framework in Frameworks */ = {isa = PBXBuildFile; fileRef = 6003F58D195388D20070C39A /* Foundation.framework */; };
		6003F590195388D20070C39A /* CoreGraphics.framework in Frameworks */ = {isa = PBXBuildFile; fileRef = 6003F58F195388D20070C39A /* CoreGraphics.framework */; };
		6003F592195388D20070C39A /* UIKit.framework in Frameworks */ = {isa = PBXBuildFile; fileRef = 6003F591195388D20070C39A /* UIKit.framework */; };
		6003F598195388D20070C39A /* InfoPlist.strings in Resources */ = {isa = PBXBuildFile; fileRef = 6003F596195388D20070C39A /* InfoPlist.strings */; };
		6003F59A195388D20070C39A /* main.m in Sources */ = {isa = PBXBuildFile; fileRef = 6003F599195388D20070C39A /* main.m */; };
		6003F59E195388D20070C39A /* I3AppDelegate.m in Sources */ = {isa = PBXBuildFile; fileRef = 6003F59D195388D20070C39A /* I3AppDelegate.m */; };
		6003F5A1195388D20070C39A /* Main_iPhone.storyboard in Resources */ = {isa = PBXBuildFile; fileRef = 6003F59F195388D20070C39A /* Main_iPhone.storyboard */; };
		6003F5A4195388D20070C39A /* Main_iPad.storyboard in Resources */ = {isa = PBXBuildFile; fileRef = 6003F5A2195388D20070C39A /* Main_iPad.storyboard */; };
		6003F5A7195388D20070C39A /* I32RearrangeableTablesViewController.m in Sources */ = {isa = PBXBuildFile; fileRef = 6003F5A6195388D20070C39A /* I32RearrangeableTablesViewController.m */; };
		6003F5A9195388D20070C39A /* Images.xcassets in Resources */ = {isa = PBXBuildFile; fileRef = 6003F5A8195388D20070C39A /* Images.xcassets */; };
		6003F5B0195388D20070C39A /* XCTest.framework in Frameworks */ = {isa = PBXBuildFile; fileRef = 6003F5AF195388D20070C39A /* XCTest.framework */; };
		6003F5B1195388D20070C39A /* Foundation.framework in Frameworks */ = {isa = PBXBuildFile; fileRef = 6003F58D195388D20070C39A /* Foundation.framework */; };
		6003F5B2195388D20070C39A /* UIKit.framework in Frameworks */ = {isa = PBXBuildFile; fileRef = 6003F591195388D20070C39A /* UIKit.framework */; };
		6003F5BA195388D20070C39A /* InfoPlist.strings in Resources */ = {isa = PBXBuildFile; fileRef = 6003F5B8195388D20070C39A /* InfoPlist.strings */; };
		EC6930E3332F4F4A8C7EB02B /* libPods-Tests.a in Frameworks */ = {isa = PBXBuildFile; fileRef = 025F58760FB246A1B64C64D5 /* libPods-Tests.a */; };
/* End PBXBuildFile section */

/* Begin PBXContainerItemProxy section */
		6003F5B3195388D20070C39A /* PBXContainerItemProxy */ = {
			isa = PBXContainerItemProxy;
			containerPortal = 6003F582195388D10070C39A /* Project object */;
			proxyType = 1;
			remoteGlobalIDString = 6003F589195388D20070C39A;
			remoteInfo = BetweenKit;
		};
/* End PBXContainerItemProxy section */

/* Begin PBXFileReference section */
		025F58760FB246A1B64C64D5 /* libPods-Tests.a */ = {isa = PBXFileReference; explicitFileType = archive.ar; includeInIndex = 0; path = "libPods-Tests.a"; sourceTree = BUILT_PRODUCTS_DIR; };
		115A1DBD37D24FF1B9EDC084 /* README.md */ = {isa = PBXFileReference; includeInIndex = 1; lastKnownFileType = text; name = README.md; path = ../README.md; sourceTree = "<group>"; };
		4633302D1A18F99000EBE25D /* I3CollectionFixture.h */ = {isa = PBXFileReference; lastKnownFileType = sourcecode.c.h; path = I3CollectionFixture.h; sourceTree = "<group>"; };
		4633303B1A194AEB00EBE25D /* I3DragDataSourceFixtures.h */ = {isa = PBXFileReference; fileEncoding = 4; lastKnownFileType = sourcecode.c.h; path = I3DragDataSourceFixtures.h; sourceTree = "<group>"; };
		4633303C1A194AEB00EBE25D /* I3DragDataSourceFixtures.m */ = {isa = PBXFileReference; fileEncoding = 4; lastKnownFileType = sourcecode.c.objc; path = I3DragDataSourceFixtures.m; sourceTree = "<group>"; };
		4633303E1A194BC800EBE25D /* I3CollectionFixture.m */ = {isa = PBXFileReference; fileEncoding = 4; lastKnownFileType = sourcecode.c.objc; path = I3CollectionFixture.m; sourceTree = "<group>"; };
		463330401A1A205B00EBE25D /* UITableView+I3CollectionTest.m */ = {isa = PBXFileReference; fileEncoding = 4; lastKnownFileType = sourcecode.c.objc; path = "UITableView+I3CollectionTest.m"; sourceTree = "<group>"; };
		463330451A1A299100EBE25D /* UICollectionView+I3CollectionTest.m */ = {isa = PBXFileReference; fileEncoding = 4; lastKnownFileType = sourcecode.c.objc; path = "UICollectionView+I3CollectionTest.m"; sourceTree = "<group>"; };
		466BA2491A3C9CCB006CD452 /* I3GestureCoordinatorTests.m */ = {isa = PBXFileReference; fileEncoding = 4; lastKnownFileType = sourcecode.c.objc; path = I3GestureCoordinatorTests.m; sourceTree = "<group>"; };
		467AFC8519C5E20D00FFD1F4 /* LICENSE.md */ = {isa = PBXFileReference; fileEncoding = 4; lastKnownFileType = text; name = LICENSE.md; path = ../LICENSE.md; sourceTree = "<group>"; };
		467B35241A1F7AA70000A77C /* I3DataSourceControllerFixture.h */ = {isa = PBXFileReference; fileEncoding = 4; lastKnownFileType = sourcecode.c.h; path = I3DataSourceControllerFixture.h; sourceTree = "<group>"; };
		467B35251A1F7AA70000A77C /* I3DataSourceControllerFixture.m */ = {isa = PBXFileReference; fileEncoding = 4; lastKnownFileType = sourcecode.c.objc; path = I3DataSourceControllerFixture.m; sourceTree = "<group>"; };
		467B35271A1F93050000A77C /* I32ExchangeableTablesViewController.h */ = {isa = PBXFileReference; fileEncoding = 4; lastKnownFileType = sourcecode.c.h; path = I32ExchangeableTablesViewController.h; sourceTree = "<group>"; };
		467B35281A1F93050000A77C /* I32ExchangeableTablesViewController.m */ = {isa = PBXFileReference; fileEncoding = 4; lastKnownFileType = sourcecode.c.objc; path = I32ExchangeableTablesViewController.m; sourceTree = "<group>"; };
		4681C9191A214D5B00504DF6 /* I32DeleteableTablesViewController.h */ = {isa = PBXFileReference; fileEncoding = 4; lastKnownFileType = sourcecode.c.h; path = I32DeleteableTablesViewController.h; sourceTree = "<group>"; };
		4681C91A1A214D5B00504DF6 /* I32DeleteableTablesViewController.m */ = {isa = PBXFileReference; fileEncoding = 4; lastKnownFileType = sourcecode.c.objc; path = I32DeleteableTablesViewController.m; sourceTree = "<group>"; };
		46866CFA19D42E1E00C45CCD /* I3DragArenaTest.m */ = {isa = PBXFileReference; fileEncoding = 4; lastKnownFileType = sourcecode.c.objc; path = I3DragArenaTest.m; sourceTree = "<group>"; };
		4694A4AE1A1A317900E0AB9B /* UIView+I3Collection.m */ = {isa = PBXFileReference; fileEncoding = 4; lastKnownFileType = sourcecode.c.objc; path = "UIView+I3Collection.m"; sourceTree = "<group>"; };
		46A1877A19CF46A20061B355 /* I3BasicRenderDelegateTests.m */ = {isa = PBXFileReference; fileEncoding = 4; lastKnownFileType = sourcecode.c.objc; path = I3BasicRenderDelegateTests.m; sourceTree = "<group>"; };
		46A1877F19CF5DC20061B355 /* I3CloneViewTest.m */ = {isa = PBXFileReference; fileEncoding = 4; lastKnownFileType = sourcecode.c.objc; path = I3CloneViewTest.m; sourceTree = "<group>"; };
		542B21470EB3452C810F4621 /* BetweenKit.podspec */ = {isa = PBXFileReference; includeInIndex = 1; lastKnownFileType = text; name = BetweenKit.podspec; path = ../BetweenKit.podspec; sourceTree = "<group>"; };
		6003F58A195388D20070C39A /* BetweenKit.app */ = {isa = PBXFileReference; explicitFileType = wrapper.application; includeInIndex = 0; path = BetweenKit.app; sourceTree = BUILT_PRODUCTS_DIR; };
		6003F58D195388D20070C39A /* Foundation.framework */ = {isa = PBXFileReference; lastKnownFileType = wrapper.framework; name = Foundation.framework; path = System/Library/Frameworks/Foundation.framework; sourceTree = SDKROOT; };
		6003F58F195388D20070C39A /* CoreGraphics.framework */ = {isa = PBXFileReference; lastKnownFileType = wrapper.framework; name = CoreGraphics.framework; path = System/Library/Frameworks/CoreGraphics.framework; sourceTree = SDKROOT; };
		6003F591195388D20070C39A /* UIKit.framework */ = {isa = PBXFileReference; lastKnownFileType = wrapper.framework; name = UIKit.framework; path = System/Library/Frameworks/UIKit.framework; sourceTree = SDKROOT; };
		6003F595195388D20070C39A /* BetweenKit-Info.plist */ = {isa = PBXFileReference; lastKnownFileType = text.plist.xml; path = "BetweenKit-Info.plist"; sourceTree = "<group>"; };
		6003F597195388D20070C39A /* en */ = {isa = PBXFileReference; lastKnownFileType = text.plist.strings; name = en; path = en.lproj/InfoPlist.strings; sourceTree = "<group>"; };
		6003F599195388D20070C39A /* main.m */ = {isa = PBXFileReference; lastKnownFileType = sourcecode.c.objc; path = main.m; sourceTree = "<group>"; };
		6003F59B195388D20070C39A /* BetweenKit-Prefix.pch */ = {isa = PBXFileReference; lastKnownFileType = sourcecode.c.h; path = "BetweenKit-Prefix.pch"; sourceTree = "<group>"; };
		6003F59C195388D20070C39A /* I3AppDelegate.h */ = {isa = PBXFileReference; lastKnownFileType = sourcecode.c.h; path = I3AppDelegate.h; sourceTree = "<group>"; };
		6003F59D195388D20070C39A /* I3AppDelegate.m */ = {isa = PBXFileReference; lastKnownFileType = sourcecode.c.objc; path = I3AppDelegate.m; sourceTree = "<group>"; };
		6003F5A0195388D20070C39A /* Base */ = {isa = PBXFileReference; lastKnownFileType = file.storyboard; name = Base; path = Base.lproj/Main_iPhone.storyboard; sourceTree = "<group>"; };
		6003F5A3195388D20070C39A /* Base */ = {isa = PBXFileReference; lastKnownFileType = file.storyboard; name = Base; path = Base.lproj/Main_iPad.storyboard; sourceTree = "<group>"; };
		6003F5A5195388D20070C39A /* I32RearrangeableTablesViewController.h */ = {isa = PBXFileReference; lastKnownFileType = sourcecode.c.h; path = I32RearrangeableTablesViewController.h; sourceTree = "<group>"; };
		6003F5A6195388D20070C39A /* I32RearrangeableTablesViewController.m */ = {isa = PBXFileReference; lastKnownFileType = sourcecode.c.objc; path = I32RearrangeableTablesViewController.m; sourceTree = "<group>"; };
		6003F5A8195388D20070C39A /* Images.xcassets */ = {isa = PBXFileReference; lastKnownFileType = folder.assetcatalog; path = Images.xcassets; sourceTree = "<group>"; };
		6003F5AE195388D20070C39A /* Tests.xctest */ = {isa = PBXFileReference; explicitFileType = wrapper.cfbundle; includeInIndex = 0; path = Tests.xctest; sourceTree = BUILT_PRODUCTS_DIR; };
		6003F5AF195388D20070C39A /* XCTest.framework */ = {isa = PBXFileReference; lastKnownFileType = wrapper.framework; name = XCTest.framework; path = Library/Frameworks/XCTest.framework; sourceTree = DEVELOPER_DIR; };
		6003F5B7195388D20070C39A /* Tests-Info.plist */ = {isa = PBXFileReference; lastKnownFileType = text.plist.xml; path = "Tests-Info.plist"; sourceTree = "<group>"; };
		6003F5B9195388D20070C39A /* en */ = {isa = PBXFileReference; lastKnownFileType = text.plist.strings; name = en; path = en.lproj/InfoPlist.strings; sourceTree = "<group>"; };
		606FC2411953D9B200FFA9A0 /* Tests-Prefix.pch */ = {isa = PBXFileReference; lastKnownFileType = sourcecode.c.h; path = "Tests-Prefix.pch"; sourceTree = "<group>"; };
		6ED897CA3FFE4D2C80F8598E /* libPods-BetweenKit.a */ = {isa = PBXFileReference; explicitFileType = archive.ar; includeInIndex = 0; path = "libPods-BetweenKit.a"; sourceTree = BUILT_PRODUCTS_DIR; };
		8FF7D7FB99812AF513439601 /* Pods-BetweenKit.debug.xcconfig */ = {isa = PBXFileReference; includeInIndex = 1; lastKnownFileType = text.xcconfig; name = "Pods-BetweenKit.debug.xcconfig"; path = "Pods/Target Support Files/Pods-BetweenKit/Pods-BetweenKit.debug.xcconfig"; sourceTree = "<group>"; };
		95B878FC516F92C343EA6C33 /* Pods-Tests.release.xcconfig */ = {isa = PBXFileReference; includeInIndex = 1; lastKnownFileType = text.xcconfig; name = "Pods-Tests.release.xcconfig"; path = "Pods/Target Support Files/Pods-Tests/Pods-Tests.release.xcconfig"; sourceTree = "<group>"; };
		CC90F22341EDE8F16B554639 /* Pods-BetweenKit.release.xcconfig */ = {isa = PBXFileReference; includeInIndex = 1; lastKnownFileType = text.xcconfig; name = "Pods-BetweenKit.release.xcconfig"; path = "Pods/Target Support Files/Pods-BetweenKit/Pods-BetweenKit.release.xcconfig"; sourceTree = "<group>"; };
		DDC57E03E9F4C0B7772A8EBA /* Pods-Tests.debug.xcconfig */ = {isa = PBXFileReference; includeInIndex = 1; lastKnownFileType = text.xcconfig; name = "Pods-Tests.debug.xcconfig"; path = "Pods/Target Support Files/Pods-Tests/Pods-Tests.debug.xcconfig"; sourceTree = "<group>"; };
/* End PBXFileReference section */

/* Begin PBXFrameworksBuildPhase section */
		6003F587195388D20070C39A /* Frameworks */ = {
			isa = PBXFrameworksBuildPhase;
			buildActionMask = 2147483647;
			files = (
				6003F590195388D20070C39A /* CoreGraphics.framework in Frameworks */,
				6003F592195388D20070C39A /* UIKit.framework in Frameworks */,
				6003F58E195388D20070C39A /* Foundation.framework in Frameworks */,
				14CCCFCB9F1F4C51A34244FD /* libPods-BetweenKit.a in Frameworks */,
			);
			runOnlyForDeploymentPostprocessing = 0;
		};
		6003F5AB195388D20070C39A /* Frameworks */ = {
			isa = PBXFrameworksBuildPhase;
			buildActionMask = 2147483647;
			files = (
				6003F5B0195388D20070C39A /* XCTest.framework in Frameworks */,
				6003F5B2195388D20070C39A /* UIKit.framework in Frameworks */,
				6003F5B1195388D20070C39A /* Foundation.framework in Frameworks */,
				EC6930E3332F4F4A8C7EB02B /* libPods-Tests.a in Frameworks */,
			);
			runOnlyForDeploymentPostprocessing = 0;
		};
/* End PBXFrameworksBuildPhase section */

/* Begin PBXGroup section */
		4632574219E5DE3A00E1C633 /* 2 Tables - Rearrangeable */ = {
			isa = PBXGroup;
			children = (
				6003F5A5195388D20070C39A /* I32RearrangeableTablesViewController.h */,
				6003F5A6195388D20070C39A /* I32RearrangeableTablesViewController.m */,
			);
			name = "2 Tables - Rearrangeable";
			sourceTree = "<group>";
		};
		467B350D1A1F5A1E0000A77C /* 2 Tables - Exchangeable */ = {
			isa = PBXGroup;
			children = (
				467B35271A1F93050000A77C /* I32ExchangeableTablesViewController.h */,
				467B35281A1F93050000A77C /* I32ExchangeableTablesViewController.m */,
			);
			name = "2 Tables - Exchangeable";
			sourceTree = "<group>";
		};
		467B350E1A1F5A340000A77C /* 2 Tables - Deleteable */ = {
			isa = PBXGroup;
			children = (
				4681C9191A214D5B00504DF6 /* I32DeleteableTablesViewController.h */,
				4681C91A1A214D5B00504DF6 /* I32DeleteableTablesViewController.m */,
			);
			name = "2 Tables - Deleteable";
			sourceTree = "<group>";
		};
		467B350F1A1F5A410000A77C /* 2 Tables - All Draggable Properties */ = {
			isa = PBXGroup;
			children = (
			);
			name = "2 Tables - All Draggable Properties";
			sourceTree = "<group>";
		};
		467B35101A1F5A520000A77C /* 3 Collections - Complex Configuration */ = {
			isa = PBXGroup;
			children = (
			);
			name = "3 Collections - Complex Configuration";
			sourceTree = "<group>";
		};
		467B35111A1F5A770000A77C /* 3 Collections - Dynamic Data Source */ = {
			isa = PBXGroup;
			children = (
			);
			name = "3 Collections - Dynamic Data Source";
			sourceTree = "<group>";
		};
		467B35121A1F5A950000A77C /* 2 Collection VIews - All Draggable Properties */ = {
			isa = PBXGroup;
			children = (
			);
			name = "2 Collection VIews - All Draggable Properties";
			sourceTree = "<group>";
		};
		467B35131A1F5AC10000A77C /* 2 Collection Views - Complex Configuration */ = {
			isa = PBXGroup;
			children = (
			);
			name = "2 Collection Views - Complex Configuration";
			sourceTree = "<group>";
		};
		467B35141A1F5ACC0000A77C /* 2 Collection Views - Exchangeable */ = {
			isa = PBXGroup;
			children = (
			);
			name = "2 Collection Views - Exchangeable";
			sourceTree = "<group>";
		};
		467B35151A1F5AD90000A77C /* 2 Collectoin Views - Rearrangeable */ = {
			isa = PBXGroup;
			children = (
			);
			name = "2 Collectoin Views - Rearrangeable";
			sourceTree = "<group>";
		};
		467B35161A1F5AE50000A77C /* 1 Table 1 Collection View - Editable / Moveable */ = {
			isa = PBXGroup;
			children = (
			);
			name = "1 Table 1 Collection View - Editable / Moveable";
			sourceTree = "<group>";
		};
		467B35171A1F5B170000A77C /* Paint Me */ = {
			isa = PBXGroup;
			children = (
			);
			name = "Paint Me";
			sourceTree = "<group>";
		};
		467B35181A1F5B210000A77C /* Fluid UI */ = {
			isa = PBXGroup;
			children = (
			);
			name = "Fluid UI";
			sourceTree = "<group>";
		};
		467B35191A1F5B580000A77C /* Networking */ = {
			isa = PBXGroup;
			children = (
			);
			name = Networking;
			sourceTree = "<group>";
		};
		467B351A1A1F5B980000A77C /* Split View Controller */ = {
			isa = PBXGroup;
			children = (
			);
			name = "Split View Controller";
			sourceTree = "<group>";
		};
		467B351B1A1F5BCC0000A77C /* Dynamically Adding / Removing Collections */ = {
			isa = PBXGroup;
			children = (
			);
			name = "Dynamically Adding / Removing Collections";
			sourceTree = "<group>";
		};
		467B351C1A1F5C410000A77C /* Custom Render Delegates */ = {
			isa = PBXGroup;
			children = (
			);
			name = "Custom Render Delegates";
			sourceTree = "<group>";
		};
		467B351D1A1F5C540000A77C /* Custom Gesture Recognition */ = {
			isa = PBXGroup;
			children = (
			);
			name = "Custom Gesture Recognition";
			sourceTree = "<group>";
		};
		467B351E1A1F5DCF0000A77C /* Complex Cells and Custom Render Delegate */ = {
			isa = PBXGroup;
			children = (
			);
			name = "Complex Cells and Custom Render Delegate";
			sourceTree = "<group>";
		};
		4694A4B31A1A3DCE00E0AB9B /* Use Cases */ = {
			isa = PBXGroup;
			children = (
				467B351E1A1F5DCF0000A77C /* Complex Cells and Custom Render Delegate */,
				467B351D1A1F5C540000A77C /* Custom Gesture Recognition */,
				467B351C1A1F5C410000A77C /* Custom Render Delegates */,
				467B351B1A1F5BCC0000A77C /* Dynamically Adding / Removing Collections */,
				467B351A1A1F5B980000A77C /* Split View Controller */,
				467B35191A1F5B580000A77C /* Networking */,
				467B35181A1F5B210000A77C /* Fluid UI */,
				467B35171A1F5B170000A77C /* Paint Me */,
				467B35161A1F5AE50000A77C /* 1 Table 1 Collection View - Editable / Moveable */,
				467B35151A1F5AD90000A77C /* 2 Collectoin Views - Rearrangeable */,
				467B35141A1F5ACC0000A77C /* 2 Collection Views - Exchangeable */,
				467B35131A1F5AC10000A77C /* 2 Collection Views - Complex Configuration */,
				467B35121A1F5A950000A77C /* 2 Collection VIews - All Draggable Properties */,
				467B35111A1F5A770000A77C /* 3 Collections - Dynamic Data Source */,
				467B35101A1F5A520000A77C /* 3 Collections - Complex Configuration */,
				467B350F1A1F5A410000A77C /* 2 Tables - All Draggable Properties */,
				467B350E1A1F5A340000A77C /* 2 Tables - Deleteable */,
				467B350D1A1F5A1E0000A77C /* 2 Tables - Exchangeable */,
				4632574219E5DE3A00E1C633 /* 2 Tables - Rearrangeable */,
			);
			name = "Use Cases";
			sourceTree = "<group>";
		};
		46B5AA8619CE192600A51694 /* Fixtures */ = {
			isa = PBXGroup;
			children = (
				4633302D1A18F99000EBE25D /* I3CollectionFixture.h */,
				4633303E1A194BC800EBE25D /* I3CollectionFixture.m */,
				4633303B1A194AEB00EBE25D /* I3DragDataSourceFixtures.h */,
				4633303C1A194AEB00EBE25D /* I3DragDataSourceFixtures.m */,
				467B35241A1F7AA70000A77C /* I3DataSourceControllerFixture.h */,
				467B35251A1F7AA70000A77C /* I3DataSourceControllerFixture.m */,
			);
			name = Fixtures;
			sourceTree = "<group>";
		};
		6003F581195388D10070C39A = {
			isa = PBXGroup;
			children = (
				60FF7A9C1954A5C5007DD14C /* Podspec Metadata */,
				6003F593195388D20070C39A /* BetweenKit */,
				6003F5B5195388D20070C39A /* Tests */,
				6003F58C195388D20070C39A /* Frameworks */,
				6003F58B195388D20070C39A /* Products */,
				F1D1926F2B28612B54B65EF7 /* Pods */,
			);
			sourceTree = "<group>";
		};
		6003F58B195388D20070C39A /* Products */ = {
			isa = PBXGroup;
			children = (
				6003F58A195388D20070C39A /* BetweenKit.app */,
				6003F5AE195388D20070C39A /* Tests.xctest */,
			);
			name = Products;
			sourceTree = "<group>";
		};
		6003F58C195388D20070C39A /* Frameworks */ = {
			isa = PBXGroup;
			children = (
				6003F58D195388D20070C39A /* Foundation.framework */,
				6003F58F195388D20070C39A /* CoreGraphics.framework */,
				6003F591195388D20070C39A /* UIKit.framework */,
				6003F5AF195388D20070C39A /* XCTest.framework */,
				6ED897CA3FFE4D2C80F8598E /* libPods-BetweenKit.a */,
				025F58760FB246A1B64C64D5 /* libPods-Tests.a */,
			);
			name = Frameworks;
			sourceTree = "<group>";
		};
		6003F593195388D20070C39A /* BetweenKit */ = {
			isa = PBXGroup;
			children = (
				4694A4B31A1A3DCE00E0AB9B /* Use Cases */,
				6003F59C195388D20070C39A /* I3AppDelegate.h */,
				6003F59D195388D20070C39A /* I3AppDelegate.m */,
				6003F59F195388D20070C39A /* Main_iPhone.storyboard */,
				6003F5A2195388D20070C39A /* Main_iPad.storyboard */,
				6003F5A8195388D20070C39A /* Images.xcassets */,
				6003F594195388D20070C39A /* Supporting Files */,
			);
			path = BetweenKit;
			sourceTree = "<group>";
		};
		6003F594195388D20070C39A /* Supporting Files */ = {
			isa = PBXGroup;
			children = (
				6003F595195388D20070C39A /* BetweenKit-Info.plist */,
				6003F596195388D20070C39A /* InfoPlist.strings */,
				6003F599195388D20070C39A /* main.m */,
				6003F59B195388D20070C39A /* BetweenKit-Prefix.pch */,
			);
			name = "Supporting Files";
			sourceTree = "<group>";
		};
		6003F5B5195388D20070C39A /* Tests */ = {
			isa = PBXGroup;
			children = (
				466BA2491A3C9CCB006CD452 /* I3GestureCoordinatorTests.m */,
				46B5AA8619CE192600A51694 /* Fixtures */,
				6003F5B6195388D20070C39A /* Supporting Files */,
				46A1877A19CF46A20061B355 /* I3BasicRenderDelegateTests.m */,
				46A1877F19CF5DC20061B355 /* I3CloneViewTest.m */,
				46866CFA19D42E1E00C45CCD /* I3DragArenaTest.m */,
				463330401A1A205B00EBE25D /* UITableView+I3CollectionTest.m */,
				463330451A1A299100EBE25D /* UICollectionView+I3CollectionTest.m */,
				4694A4AE1A1A317900E0AB9B /* UIView+I3Collection.m */,
			);
			path = Tests;
			sourceTree = "<group>";
		};
		6003F5B6195388D20070C39A /* Supporting Files */ = {
			isa = PBXGroup;
			children = (
				6003F5B7195388D20070C39A /* Tests-Info.plist */,
				6003F5B8195388D20070C39A /* InfoPlist.strings */,
				606FC2411953D9B200FFA9A0 /* Tests-Prefix.pch */,
			);
			name = "Supporting Files";
			sourceTree = "<group>";
		};
		60FF7A9C1954A5C5007DD14C /* Podspec Metadata */ = {
			isa = PBXGroup;
			children = (
				467AFC8519C5E20D00FFD1F4 /* LICENSE.md */,
				542B21470EB3452C810F4621 /* BetweenKit.podspec */,
				115A1DBD37D24FF1B9EDC084 /* README.md */,
			);
			name = "Podspec Metadata";
			sourceTree = "<group>";
		};
		F1D1926F2B28612B54B65EF7 /* Pods */ = {
			isa = PBXGroup;
			children = (
				8FF7D7FB99812AF513439601 /* Pods-BetweenKit.debug.xcconfig */,
				CC90F22341EDE8F16B554639 /* Pods-BetweenKit.release.xcconfig */,
				DDC57E03E9F4C0B7772A8EBA /* Pods-Tests.debug.xcconfig */,
				95B878FC516F92C343EA6C33 /* Pods-Tests.release.xcconfig */,
			);
			name = Pods;
			sourceTree = "<group>";
		};
/* End PBXGroup section */

/* Begin PBXNativeTarget section */
		6003F589195388D20070C39A /* BetweenKit */ = {
			isa = PBXNativeTarget;
			buildConfigurationList = 6003F5BF195388D20070C39A /* Build configuration list for PBXNativeTarget "BetweenKit" */;
			buildPhases = (
				9AC21312C44F4209BD21DC72 /* Check Pods Manifest.lock */,
				6003F586195388D20070C39A /* Sources */,
				6003F587195388D20070C39A /* Frameworks */,
				6003F588195388D20070C39A /* Resources */,
				A7D76490DF99449EA765BB4B /* Copy Pods Resources */,
			);
			buildRules = (
			);
			dependencies = (
			);
			name = BetweenKit;
			productName = BetweenKit;
			productReference = 6003F58A195388D20070C39A /* BetweenKit.app */;
			productType = "com.apple.product-type.application";
		};
		6003F5AD195388D20070C39A /* Tests */ = {
			isa = PBXNativeTarget;
			buildConfigurationList = 6003F5C2195388D20070C39A /* Build configuration list for PBXNativeTarget "Tests" */;
			buildPhases = (
				33087441A2AF4178B3F26971 /* Check Pods Manifest.lock */,
				6003F5AA195388D20070C39A /* Sources */,
				6003F5AB195388D20070C39A /* Frameworks */,
				6003F5AC195388D20070C39A /* Resources */,
				CC8269D7B7FE497E814CFAD3 /* Copy Pods Resources */,
			);
			buildRules = (
			);
			dependencies = (
				6003F5B4195388D20070C39A /* PBXTargetDependency */,
			);
			name = Tests;
			productName = BetweenKitTests;
			productReference = 6003F5AE195388D20070C39A /* Tests.xctest */;
			productType = "com.apple.product-type.bundle.unit-test";
		};
/* End PBXNativeTarget section */

/* Begin PBXProject section */
		6003F582195388D10070C39A /* Project object */ = {
			isa = PBXProject;
			attributes = {
				CLASSPREFIX = I3;
				LastUpgradeCheck = 0510;
				ORGANIZATIONNAME = "stephen fortune";
				TargetAttributes = {
					6003F5AD195388D20070C39A = {
						TestTargetID = 6003F589195388D20070C39A;
					};
				};
			};
			buildConfigurationList = 6003F585195388D10070C39A /* Build configuration list for PBXProject "BetweenKit" */;
			compatibilityVersion = "Xcode 3.2";
			developmentRegion = English;
			hasScannedForEncodings = 0;
			knownRegions = (
				en,
				Base,
			);
			mainGroup = 6003F581195388D10070C39A;
			productRefGroup = 6003F58B195388D20070C39A /* Products */;
			projectDirPath = "";
			projectRoot = "";
			targets = (
				6003F589195388D20070C39A /* BetweenKit */,
				6003F5AD195388D20070C39A /* Tests */,
			);
		};
/* End PBXProject section */

/* Begin PBXResourcesBuildPhase section */
		6003F588195388D20070C39A /* Resources */ = {
			isa = PBXResourcesBuildPhase;
			buildActionMask = 2147483647;
			files = (
				467AFC8619C5E20D00FFD1F4 /* LICENSE.md in Resources */,
				6003F5A4195388D20070C39A /* Main_iPad.storyboard in Resources */,
				6003F5A9195388D20070C39A /* Images.xcassets in Resources */,
				6003F5A1195388D20070C39A /* Main_iPhone.storyboard in Resources */,
				6003F598195388D20070C39A /* InfoPlist.strings in Resources */,
			);
			runOnlyForDeploymentPostprocessing = 0;
		};
		6003F5AC195388D20070C39A /* Resources */ = {
			isa = PBXResourcesBuildPhase;
			buildActionMask = 2147483647;
			files = (
				6003F5BA195388D20070C39A /* InfoPlist.strings in Resources */,
			);
			runOnlyForDeploymentPostprocessing = 0;
		};
/* End PBXResourcesBuildPhase section */

/* Begin PBXShellScriptBuildPhase section */
		33087441A2AF4178B3F26971 /* Check Pods Manifest.lock */ = {
			isa = PBXShellScriptBuildPhase;
			buildActionMask = 2147483647;
			files = (
			);
			inputPaths = (
			);
			name = "Check Pods Manifest.lock";
			outputPaths = (
			);
			runOnlyForDeploymentPostprocessing = 0;
			shellPath = /bin/sh;
			shellScript = "diff \"${PODS_ROOT}/../Podfile.lock\" \"${PODS_ROOT}/Manifest.lock\" > /dev/null\nif [[ $? != 0 ]] ; then\n    cat << EOM\nerror: The sandbox is not in sync with the Podfile.lock. Run 'pod install' or update your CocoaPods installation.\nEOM\n    exit 1\nfi\n";
			showEnvVarsInLog = 0;
		};
		9AC21312C44F4209BD21DC72 /* Check Pods Manifest.lock */ = {
			isa = PBXShellScriptBuildPhase;
			buildActionMask = 2147483647;
			files = (
			);
			inputPaths = (
			);
			name = "Check Pods Manifest.lock";
			outputPaths = (
			);
			runOnlyForDeploymentPostprocessing = 0;
			shellPath = /bin/sh;
			shellScript = "diff \"${PODS_ROOT}/../Podfile.lock\" \"${PODS_ROOT}/Manifest.lock\" > /dev/null\nif [[ $? != 0 ]] ; then\n    cat << EOM\nerror: The sandbox is not in sync with the Podfile.lock. Run 'pod install' or update your CocoaPods installation.\nEOM\n    exit 1\nfi\n";
			showEnvVarsInLog = 0;
		};
		A7D76490DF99449EA765BB4B /* Copy Pods Resources */ = {
			isa = PBXShellScriptBuildPhase;
			buildActionMask = 2147483647;
			files = (
			);
			inputPaths = (
			);
			name = "Copy Pods Resources";
			outputPaths = (
			);
			runOnlyForDeploymentPostprocessing = 0;
			shellPath = /bin/sh;
			shellScript = "\"${SRCROOT}/Pods/Target Support Files/Pods-BetweenKit/Pods-BetweenKit-resources.sh\"\n";
			showEnvVarsInLog = 0;
		};
		CC8269D7B7FE497E814CFAD3 /* Copy Pods Resources */ = {
			isa = PBXShellScriptBuildPhase;
			buildActionMask = 2147483647;
			files = (
			);
			inputPaths = (
			);
			name = "Copy Pods Resources";
			outputPaths = (
			);
			runOnlyForDeploymentPostprocessing = 0;
			shellPath = /bin/sh;
			shellScript = "\"${SRCROOT}/Pods/Target Support Files/Pods-Tests/Pods-Tests-resources.sh\"\n";
			showEnvVarsInLog = 0;
		};
/* End PBXShellScriptBuildPhase section */

/* Begin PBXSourcesBuildPhase section */
		6003F586195388D20070C39A /* Sources */ = {
			isa = PBXSourcesBuildPhase;
			buildActionMask = 2147483647;
			files = (
				6003F59E195388D20070C39A /* I3AppDelegate.m in Sources */,
				6003F5A7195388D20070C39A /* I32RearrangeableTablesViewController.m in Sources */,
				6003F59A195388D20070C39A /* main.m in Sources */,
				4681C91B1A214D5B00504DF6 /* I32DeleteableTablesViewController.m in Sources */,
				467B35291A1F93050000A77C /* I32ExchangeableTablesViewController.m in Sources */,
			);
			runOnlyForDeploymentPostprocessing = 0;
		};
		6003F5AA195388D20070C39A /* Sources */ = {
			isa = PBXSourcesBuildPhase;
			buildActionMask = 2147483647;
			files = (
				46A1878019CF5DC20061B355 /* I3CloneViewTest.m in Sources */,
				463330411A1A205B00EBE25D /* UITableView+I3CollectionTest.m in Sources */,
				4633303F1A194BC800EBE25D /* I3CollectionFixture.m in Sources */,
				46866CFB19D42E1E00C45CCD /* I3DragArenaTest.m in Sources */,
				467B35261A1F7AA70000A77C /* I3DataSourceControllerFixture.m in Sources */,
				46A1877B19CF46A20061B355 /* I3BasicRenderDelegateTests.m in Sources */,
				463330461A1A299100EBE25D /* UICollectionView+I3CollectionTest.m in Sources */,
				4633303D1A194AEB00EBE25D /* I3DragDataSourceFixtures.m in Sources */,
				466BA24B1A3C9CCB006CD452 /* I3GestureCoordinatorTests.m in Sources */,
				4694A4AF1A1A317900E0AB9B /* UIView+I3Collection.m in Sources */,
			);
			runOnlyForDeploymentPostprocessing = 0;
		};
/* End PBXSourcesBuildPhase section */

/* Begin PBXTargetDependency section */
		6003F5B4195388D20070C39A /* PBXTargetDependency */ = {
			isa = PBXTargetDependency;
			target = 6003F589195388D20070C39A /* BetweenKit */;
			targetProxy = 6003F5B3195388D20070C39A /* PBXContainerItemProxy */;
		};
/* End PBXTargetDependency section */

/* Begin PBXVariantGroup section */
		6003F596195388D20070C39A /* InfoPlist.strings */ = {
			isa = PBXVariantGroup;
			children = (
				6003F597195388D20070C39A /* en */,
			);
			name = InfoPlist.strings;
			sourceTree = "<group>";
		};
		6003F59F195388D20070C39A /* Main_iPhone.storyboard */ = {
			isa = PBXVariantGroup;
			children = (
				6003F5A0195388D20070C39A /* Base */,
			);
			name = Main_iPhone.storyboard;
			sourceTree = "<group>";
		};
		6003F5A2195388D20070C39A /* Main_iPad.storyboard */ = {
			isa = PBXVariantGroup;
			children = (
				6003F5A3195388D20070C39A /* Base */,
			);
			name = Main_iPad.storyboard;
			sourceTree = "<group>";
		};
		6003F5B8195388D20070C39A /* InfoPlist.strings */ = {
			isa = PBXVariantGroup;
			children = (
				6003F5B9195388D20070C39A /* en */,
			);
			name = InfoPlist.strings;
			sourceTree = "<group>";
		};
/* End PBXVariantGroup section */

/* Begin XCBuildConfiguration section */
		6003F5BD195388D20070C39A /* Debug */ = {
			isa = XCBuildConfiguration;
			buildSettings = {
				ALWAYS_SEARCH_USER_PATHS = NO;
				CLANG_CXX_LANGUAGE_STANDARD = "gnu++0x";
				CLANG_CXX_LIBRARY = "libc++";
				CLANG_ENABLE_MODULES = YES;
				CLANG_ENABLE_OBJC_ARC = YES;
				CLANG_WARN_BOOL_CONVERSION = YES;
				CLANG_WARN_CONSTANT_CONVERSION = YES;
				CLANG_WARN_DIRECT_OBJC_ISA_USAGE = YES_ERROR;
				CLANG_WARN_EMPTY_BODY = YES;
				CLANG_WARN_ENUM_CONVERSION = YES;
				CLANG_WARN_INT_CONVERSION = YES;
				CLANG_WARN_OBJC_ROOT_CLASS = YES_ERROR;
				CLANG_WARN__DUPLICATE_METHOD_MATCH = YES;
				"CODE_SIGN_IDENTITY[sdk=iphoneos*]" = "iPhone Developer";
				COPY_PHASE_STRIP = NO;
				GCC_C_LANGUAGE_STANDARD = gnu99;
				GCC_DYNAMIC_NO_PIC = NO;
				GCC_OPTIMIZATION_LEVEL = 0;
				GCC_PREPROCESSOR_DEFINITIONS = (
					"DEBUG=1",
					"$(inherited)",
				);
				GCC_SYMBOLS_PRIVATE_EXTERN = NO;
				GCC_WARN_64_TO_32_BIT_CONVERSION = YES;
				GCC_WARN_ABOUT_RETURN_TYPE = YES_ERROR;
				GCC_WARN_UNDECLARED_SELECTOR = YES;
				GCC_WARN_UNINITIALIZED_AUTOS = YES_AGGRESSIVE;
				GCC_WARN_UNUSED_FUNCTION = YES;
				GCC_WARN_UNUSED_VARIABLE = YES;
				IPHONEOS_DEPLOYMENT_TARGET = 7.1;
				ONLY_ACTIVE_ARCH = YES;
				SDKROOT = iphoneos;
				TARGETED_DEVICE_FAMILY = "1,2";
			};
			name = Debug;
		};
		6003F5BE195388D20070C39A /* Release */ = {
			isa = XCBuildConfiguration;
			buildSettings = {
				ALWAYS_SEARCH_USER_PATHS = NO;
				CLANG_CXX_LANGUAGE_STANDARD = "gnu++0x";
				CLANG_CXX_LIBRARY = "libc++";
				CLANG_ENABLE_MODULES = YES;
				CLANG_ENABLE_OBJC_ARC = YES;
				CLANG_WARN_BOOL_CONVERSION = YES;
				CLANG_WARN_CONSTANT_CONVERSION = YES;
				CLANG_WARN_DIRECT_OBJC_ISA_USAGE = YES_ERROR;
				CLANG_WARN_EMPTY_BODY = YES;
				CLANG_WARN_ENUM_CONVERSION = YES;
				CLANG_WARN_INT_CONVERSION = YES;
				CLANG_WARN_OBJC_ROOT_CLASS = YES_ERROR;
				CLANG_WARN__DUPLICATE_METHOD_MATCH = YES;
				"CODE_SIGN_IDENTITY[sdk=iphoneos*]" = "iPhone Developer";
				COPY_PHASE_STRIP = YES;
				ENABLE_NS_ASSERTIONS = NO;
				GCC_C_LANGUAGE_STANDARD = gnu99;
				GCC_WARN_64_TO_32_BIT_CONVERSION = YES;
				GCC_WARN_ABOUT_RETURN_TYPE = YES_ERROR;
				GCC_WARN_UNDECLARED_SELECTOR = YES;
				GCC_WARN_UNINITIALIZED_AUTOS = YES_AGGRESSIVE;
				GCC_WARN_UNUSED_FUNCTION = YES;
				GCC_WARN_UNUSED_VARIABLE = YES;
				IPHONEOS_DEPLOYMENT_TARGET = 7.1;
				SDKROOT = iphoneos;
				TARGETED_DEVICE_FAMILY = "1,2";
				VALIDATE_PRODUCT = YES;
			};
			name = Release;
		};
		6003F5C0195388D20070C39A /* Debug */ = {
			isa = XCBuildConfiguration;
			baseConfigurationReference = 8FF7D7FB99812AF513439601 /* Pods-BetweenKit.debug.xcconfig */;
			buildSettings = {
				ASSETCATALOG_COMPILER_APPICON_NAME = AppIcon;
				ASSETCATALOG_COMPILER_LAUNCHIMAGE_NAME = LaunchImage;
				GCC_PRECOMPILE_PREFIX_HEADER = YES;
				GCC_PREFIX_HEADER = "BetweenKit/BetweenKit-Prefix.pch";
				INFOPLIST_FILE = "BetweenKit/BetweenKit-Info.plist";
				IPHONEOS_DEPLOYMENT_TARGET = 6.0;
				PRODUCT_NAME = "$(TARGET_NAME)";
				WRAPPER_EXTENSION = app;
			};
			name = Debug;
		};
		6003F5C1195388D20070C39A /* Release */ = {
			isa = XCBuildConfiguration;
			baseConfigurationReference = CC90F22341EDE8F16B554639 /* Pods-BetweenKit.release.xcconfig */;
			buildSettings = {
				ASSETCATALOG_COMPILER_APPICON_NAME = AppIcon;
				ASSETCATALOG_COMPILER_LAUNCHIMAGE_NAME = LaunchImage;
				GCC_PRECOMPILE_PREFIX_HEADER = YES;
				GCC_PREFIX_HEADER = "BetweenKit/BetweenKit-Prefix.pch";
				INFOPLIST_FILE = "BetweenKit/BetweenKit-Info.plist";
				IPHONEOS_DEPLOYMENT_TARGET = 6.0;
				PRODUCT_NAME = "$(TARGET_NAME)";
				WRAPPER_EXTENSION = app;
			};
			name = Release;
		};
		6003F5C3195388D20070C39A /* Debug */ = {
			isa = XCBuildConfiguration;
			baseConfigurationReference = DDC57E03E9F4C0B7772A8EBA /* Pods-Tests.debug.xcconfig */;
			buildSettings = {
				BUNDLE_LOADER = "$(BUILT_PRODUCTS_DIR)/BetweenKit.app/BetweenKit";
				FRAMEWORK_SEARCH_PATHS = (
					"$(SDKROOT)/Developer/Library/Frameworks",
					"$(inherited)",
					"$(DEVELOPER_FRAMEWORKS_DIR)",
				);
				GCC_PRECOMPILE_PREFIX_HEADER = YES;
				GCC_PREFIX_HEADER = "Tests/Tests-Prefix.pch";
				GCC_PREPROCESSOR_DEFINITIONS = (
					"DEBUG=1",
					"$(inherited)",
				);
				INFOPLIST_FILE = "Tests/Tests-Info.plist";
				PRODUCT_NAME = "$(TARGET_NAME)";
				TEST_HOST = "$(BUNDLE_LOADER)";
				WRAPPER_EXTENSION = xctest;
			};
			name = Debug;
		};
		6003F5C4195388D20070C39A /* Release */ = {
			isa = XCBuildConfiguration;
			baseConfigurationReference = 95B878FC516F92C343EA6C33 /* Pods-Tests.release.xcconfig */;
			buildSettings = {
				BUNDLE_LOADER = "$(BUILT_PRODUCTS_DIR)/BetweenKit.app/BetweenKit";
				FRAMEWORK_SEARCH_PATHS = (
					"$(SDKROOT)/Developer/Library/Frameworks",
					"$(inherited)",
					"$(DEVELOPER_FRAMEWORKS_DIR)",
				);
				GCC_PRECOMPILE_PREFIX_HEADER = YES;
				GCC_PREFIX_HEADER = "Tests/Tests-Prefix.pch";
				INFOPLIST_FILE = "Tests/Tests-Info.plist";
				PRODUCT_NAME = "$(TARGET_NAME)";
				TEST_HOST = "$(BUNDLE_LOADER)";
				WRAPPER_EXTENSION = xctest;
			};
			name = Release;
		};
/* End XCBuildConfiguration section */

/* Begin XCConfigurationList section */
		6003F585195388D10070C39A /* Build configuration list for PBXProject "BetweenKit" */ = {
			isa = XCConfigurationList;
			buildConfigurations = (
				6003F5BD195388D20070C39A /* Debug */,
				6003F5BE195388D20070C39A /* Release */,
			);
			defaultConfigurationIsVisible = 0;
			defaultConfigurationName = Release;
		};
		6003F5BF195388D20070C39A /* Build configuration list for PBXNativeTarget "BetweenKit" */ = {
			isa = XCConfigurationList;
			buildConfigurations = (
				6003F5C0195388D20070C39A /* Debug */,
				6003F5C1195388D20070C39A /* Release */,
			);
			defaultConfigurationIsVisible = 0;
			defaultConfigurationName = Release;
		};
		6003F5C2195388D20070C39A /* Build configuration list for PBXNativeTarget "Tests" */ = {
			isa = XCConfigurationList;
			buildConfigurations = (
				6003F5C3195388D20070C39A /* Debug */,
				6003F5C4195388D20070C39A /* Release */,
			);
			defaultConfigurationIsVisible = 0;
			defaultConfigurationName = Release;
		};
/* End XCConfigurationList section */
	};
	rootObject = 6003F582195388D10070C39A /* Project object */;
}
