<?xml version="1.0" encoding="UTF-8"?>
<!DOCTYPE plist PUBLIC "-//Apple//DTD PLIST 1.0//EN" "http://www.apple.com/DTDs/PropertyList-1.0.dtd">
<plist version="1.0">
<dict>
	<key>archiveVersion</key>
	<string>1</string>
	<key>classes</key>
	<dict/>
	<key>objectVersion</key>
	<string>46</string>
	<key>objects</key>
	<dict>
		<key>05A4B23E3B08E4F5815A204F</key>
		<dict>
			<key>buildActionMask</key>
			<string>2147483647</string>
			<key>files</key>
			<array/>
			<key>inputPaths</key>
			<array/>
			<key>isa</key>
			<string>PBXShellScriptBuildPhase</string>
			<key>name</key>
			<string>Check Pods Manifest.lock</string>
			<key>outputPaths</key>
			<array/>
			<key>runOnlyForDeploymentPostprocessing</key>
			<string>0</string>
			<key>shellPath</key>
			<string>/bin/sh</string>
			<key>shellScript</key>
			<string>diff "${PODS_ROOT}/../Podfile.lock" "${PODS_ROOT}/Manifest.lock" &gt; /dev/null
if [[ $? != 0 ]] ; then
    cat &lt;&lt; EOM
error: The sandbox is not in sync with the Podfile.lock. Run 'pod install' or update your CocoaPods installation.
EOM
    exit 1
fi
</string>
			<key>showEnvVarsInLog</key>
			<string>0</string>
		</dict>
		<key>06502B1E15726FB033692022</key>
		<dict>
			<key>includeInIndex</key>
			<string>1</string>
			<key>isa</key>
			<string>PBXFileReference</string>
			<key>lastKnownFileType</key>
			<string>text.xcconfig</string>
			<key>name</key>
			<string>Pods-17. Async Networking Collections.debug.xcconfig</string>
			<key>path</key>
			<string>Pods/Target Support Files/Pods-17. Async Networking Collections/Pods-17. Async Networking Collections.debug.xcconfig</string>
			<key>sourceTree</key>
			<string>&lt;group&gt;</string>
		</dict>
		<key>41A2277A15F17DE4D478EC39</key>
		<dict>
			<key>explicitFileType</key>
			<string>archive.ar</string>
			<key>includeInIndex</key>
			<string>0</string>
			<key>isa</key>
			<string>PBXFileReference</string>
			<key>path</key>
			<string>libPods-17. Async Networking Collections.a</string>
			<key>sourceTree</key>
			<string>BUILT_PRODUCTS_DIR</string>
		</dict>
		<key>428D33F6DE7C3F56674E8209</key>
		<dict>
			<key>children</key>
			<array>
				<string>41A2277A15F17DE4D478EC39</string>
			</array>
			<key>isa</key>
			<string>PBXGroup</string>
			<key>name</key>
			<string>Frameworks</string>
			<key>sourceTree</key>
			<string>&lt;group&gt;</string>
		</dict>
		<key>469FBD961A4F2A5700334A3E</key>
		<dict>
			<key>children</key>
			<array>
				<string>469FBDA11A4F2A5700334A3E</string>
				<string>469FBDBB1A4F2A5700334A3E</string>
				<string>469FBDA01A4F2A5700334A3E</string>
				<string>EAEE988EAC83683DD449ECCF</string>
				<string>428D33F6DE7C3F56674E8209</string>
			</array>
			<key>isa</key>
			<string>PBXGroup</string>
			<key>sourceTree</key>
			<string>&lt;group&gt;</string>
		</dict>
		<key>469FBD971A4F2A5700334A3E</key>
		<dict>
			<key>attributes</key>
			<dict>
				<key>LastUpgradeCheck</key>
				<string>0610</string>
				<key>ORGANIZATIONNAME</key>
				<string>IceCube Software Ltd.</string>
				<key>TargetAttributes</key>
				<dict>
					<key>469FBD9E1A4F2A5700334A3E</key>
					<dict>
						<key>CreatedOnToolsVersion</key>
						<string>6.1.1</string>
					</dict>
					<key>469FBDB71A4F2A5700334A3E</key>
					<dict>
						<key>CreatedOnToolsVersion</key>
						<string>6.1.1</string>
						<key>TestTargetID</key>
						<string>469FBD9E1A4F2A5700334A3E</string>
					</dict>
				</dict>
			</dict>
			<key>buildConfigurationList</key>
			<string>469FBD9A1A4F2A5700334A3E</string>
			<key>compatibilityVersion</key>
			<string>Xcode 3.2</string>
			<key>developmentRegion</key>
			<string>English</string>
			<key>hasScannedForEncodings</key>
			<string>0</string>
			<key>isa</key>
			<string>PBXProject</string>
			<key>knownRegions</key>
			<array>
				<string>en</string>
				<string>Base</string>
			</array>
			<key>mainGroup</key>
			<string>469FBD961A4F2A5700334A3E</string>
			<key>productRefGroup</key>
			<string>469FBDA01A4F2A5700334A3E</string>
			<key>projectDirPath</key>
			<string></string>
			<key>projectReferences</key>
			<array/>
			<key>projectRoot</key>
			<string></string>
			<key>targets</key>
			<array>
				<string>469FBD9E1A4F2A5700334A3E</string>
				<string>469FBDB71A4F2A5700334A3E</string>
			</array>
		</dict>
		<key>469FBD9A1A4F2A5700334A3E</key>
		<dict>
			<key>buildConfigurations</key>
			<array>
				<string>469FBDC01A4F2A5700334A3E</string>
				<string>469FBDC11A4F2A5700334A3E</string>
			</array>
			<key>defaultConfigurationIsVisible</key>
			<string>0</string>
			<key>defaultConfigurationName</key>
			<string>Release</string>
			<key>isa</key>
			<string>XCConfigurationList</string>
		</dict>
		<key>469FBD9B1A4F2A5700334A3E</key>
		<dict>
			<key>buildActionMask</key>
			<string>2147483647</string>
			<key>files</key>
			<array>
				<string>469FBDD61A4F385B00334A3E</string>
				<string>469FBDCA1A4F383F00334A3E</string>
				<string>469FBDA81A4F2A5700334A3E</string>
				<string>469FBDD31A4F385B00334A3E</string>
				<string>469FBDD41A4F385B00334A3E</string>
				<string>469FBDA51A4F2A5700334A3E</string>
				<string>469FBDDA1A4F3B9300334A3E</string>
			</array>
			<key>isa</key>
			<string>PBXSourcesBuildPhase</string>
			<key>runOnlyForDeploymentPostprocessing</key>
			<string>0</string>
		</dict>
		<key>469FBD9C1A4F2A5700334A3E</key>
		<dict>
			<key>buildActionMask</key>
			<string>2147483647</string>
			<key>files</key>
			<array>
				<string>ADBD7C764D2270F6FF529B49</string>
			</array>
			<key>isa</key>
			<string>PBXFrameworksBuildPhase</string>
			<key>runOnlyForDeploymentPostprocessing</key>
			<string>0</string>
		</dict>
		<key>469FBD9D1A4F2A5700334A3E</key>
		<dict>
			<key>buildActionMask</key>
			<string>2147483647</string>
			<key>files</key>
			<array>
				<string>469FBDAE1A4F2A5700334A3E</string>
				<string>469FBDB31A4F2A5700334A3E</string>
				<string>469FBDDB1A4F3B9300334A3E</string>
				<string>469FBDB01A4F2A5700334A3E</string>
				<string>469FBDD51A4F385B00334A3E</string>
			</array>
			<key>isa</key>
			<string>PBXResourcesBuildPhase</string>
			<key>runOnlyForDeploymentPostprocessing</key>
			<string>0</string>
		</dict>
		<key>469FBD9E1A4F2A5700334A3E</key>
		<dict>
			<key>buildConfigurationList</key>
			<string>469FBDC21A4F2A5700334A3E</string>
			<key>buildPhases</key>
			<array>
				<string>05A4B23E3B08E4F5815A204F</string>
				<string>469FBD9B1A4F2A5700334A3E</string>
				<string>469FBD9C1A4F2A5700334A3E</string>
				<string>469FBD9D1A4F2A5700334A3E</string>
				<string>89E70778868987F5A6703CB8</string>
			</array>
			<key>buildRules</key>
			<array/>
			<key>dependencies</key>
			<array/>
			<key>isa</key>
			<string>PBXNativeTarget</string>
			<key>name</key>
			<string>17. Async Networking Collections</string>
			<key>productName</key>
			<string>17. Async Networking Collections</string>
			<key>productReference</key>
			<string>469FBD9F1A4F2A5700334A3E</string>
			<key>productType</key>
			<string>com.apple.product-type.application</string>
		</dict>
		<key>469FBD9F1A4F2A5700334A3E</key>
		<dict>
			<key>explicitFileType</key>
			<string>wrapper.application</string>
			<key>includeInIndex</key>
			<string>0</string>
			<key>isa</key>
			<string>PBXFileReference</string>
			<key>path</key>
			<string>17. Async Networking Collections.app</string>
			<key>sourceTree</key>
			<string>BUILT_PRODUCTS_DIR</string>
		</dict>
		<key>469FBDA01A4F2A5700334A3E</key>
		<dict>
			<key>children</key>
			<array>
				<string>469FBD9F1A4F2A5700334A3E</string>
				<string>469FBDB81A4F2A5700334A3E</string>
			</array>
			<key>isa</key>
			<string>PBXGroup</string>
			<key>name</key>
			<string>Products</string>
			<key>sourceTree</key>
			<string>&lt;group&gt;</string>
		</dict>
		<key>469FBDA11A4F2A5700334A3E</key>
		<dict>
			<key>children</key>
			<array>
				<string>469FBDA61A4F2A5700334A3E</string>
				<string>469FBDA71A4F2A5700334A3E</string>
				<string>469FBDAC1A4F2A5700334A3E</string>
				<string>469FBDAF1A4F2A5700334A3E</string>
				<string>469FBDB11A4F2A5700334A3E</string>
				<string>469FBDA21A4F2A5700334A3E</string>
				<string>469FBDC81A4F383F00334A3E</string>
				<string>469FBDC91A4F383F00334A3E</string>
				<string>469FBDCB1A4F385B00334A3E</string>
				<string>469FBDCC1A4F385B00334A3E</string>
				<string>469FBDCD1A4F385B00334A3E</string>
				<string>469FBDCE1A4F385B00334A3E</string>
				<string>469FBDCF1A4F385B00334A3E</string>
				<string>469FBDD71A4F3B9300334A3E</string>
				<string>469FBDD81A4F3B9300334A3E</string>
				<string>469FBDD91A4F3B9300334A3E</string>
				<string>469FBDD01A4F385B00334A3E</string>
				<string>469FBDD11A4F385B00334A3E</string>
				<string>469FBDD21A4F385B00334A3E</string>
			</array>
			<key>isa</key>
			<string>PBXGroup</string>
			<key>path</key>
			<string>17. Async Networking Collections</string>
			<key>sourceTree</key>
			<string>&lt;group&gt;</string>
		</dict>
		<key>469FBDA21A4F2A5700334A3E</key>
		<dict>
			<key>children</key>
			<array>
				<string>469FBDA31A4F2A5700334A3E</string>
				<string>469FBDA41A4F2A5700334A3E</string>
			</array>
			<key>isa</key>
			<string>PBXGroup</string>
			<key>name</key>
			<string>Supporting Files</string>
			<key>sourceTree</key>
			<string>&lt;group&gt;</string>
		</dict>
		<key>469FBDA31A4F2A5700334A3E</key>
		<dict>
			<key>isa</key>
			<string>PBXFileReference</string>
			<key>lastKnownFileType</key>
			<string>text.plist.xml</string>
			<key>path</key>
			<string>Info.plist</string>
			<key>sourceTree</key>
			<string>&lt;group&gt;</string>
		</dict>
		<key>469FBDA41A4F2A5700334A3E</key>
		<dict>
			<key>isa</key>
			<string>PBXFileReference</string>
			<key>lastKnownFileType</key>
			<string>sourcecode.c.objc</string>
			<key>path</key>
			<string>main.m</string>
			<key>sourceTree</key>
			<string>&lt;group&gt;</string>
		</dict>
		<key>469FBDA51A4F2A5700334A3E</key>
		<dict>
			<key>fileRef</key>
			<string>469FBDA41A4F2A5700334A3E</string>
			<key>isa</key>
			<string>PBXBuildFile</string>
		</dict>
		<key>469FBDA61A4F2A5700334A3E</key>
		<dict>
			<key>isa</key>
			<string>PBXFileReference</string>
			<key>lastKnownFileType</key>
			<string>sourcecode.c.h</string>
			<key>path</key>
			<string>AppDelegate.h</string>
			<key>sourceTree</key>
			<string>&lt;group&gt;</string>
		</dict>
		<key>469FBDA71A4F2A5700334A3E</key>
		<dict>
			<key>isa</key>
			<string>PBXFileReference</string>
			<key>lastKnownFileType</key>
			<string>sourcecode.c.objc</string>
			<key>path</key>
			<string>AppDelegate.m</string>
			<key>sourceTree</key>
			<string>&lt;group&gt;</string>
		</dict>
		<key>469FBDA81A4F2A5700334A3E</key>
		<dict>
			<key>fileRef</key>
			<string>469FBDA71A4F2A5700334A3E</string>
			<key>isa</key>
			<string>PBXBuildFile</string>
		</dict>
		<key>469FBDAC1A4F2A5700334A3E</key>
		<dict>
			<key>children</key>
			<array>
				<string>469FBDAD1A4F2A5700334A3E</string>
			</array>
			<key>isa</key>
			<string>PBXVariantGroup</string>
			<key>name</key>
			<string>Main.storyboard</string>
			<key>sourceTree</key>
			<string>&lt;group&gt;</string>
		</dict>
		<key>469FBDAD1A4F2A5700334A3E</key>
		<dict>
			<key>isa</key>
			<string>PBXFileReference</string>
			<key>lastKnownFileType</key>
			<string>file.storyboard</string>
			<key>name</key>
			<string>Base</string>
			<key>path</key>
			<string>Base.lproj/Main.storyboard</string>
			<key>sourceTree</key>
			<string>&lt;group&gt;</string>
		</dict>
		<key>469FBDAE1A4F2A5700334A3E</key>
		<dict>
			<key>fileRef</key>
			<string>469FBDAC1A4F2A5700334A3E</string>
			<key>isa</key>
			<string>PBXBuildFile</string>
		</dict>
		<key>469FBDAF1A4F2A5700334A3E</key>
		<dict>
			<key>isa</key>
			<string>PBXFileReference</string>
			<key>lastKnownFileType</key>
			<string>folder.assetcatalog</string>
			<key>path</key>
			<string>Images.xcassets</string>
			<key>sourceTree</key>
			<string>&lt;group&gt;</string>
		</dict>
		<key>469FBDB01A4F2A5700334A3E</key>
		<dict>
			<key>fileRef</key>
			<string>469FBDAF1A4F2A5700334A3E</string>
			<key>isa</key>
			<string>PBXBuildFile</string>
		</dict>
		<key>469FBDB11A4F2A5700334A3E</key>
		<dict>
			<key>children</key>
			<array>
				<string>469FBDB21A4F2A5700334A3E</string>
			</array>
			<key>isa</key>
			<string>PBXVariantGroup</string>
			<key>name</key>
			<string>LaunchScreen.xib</string>
			<key>sourceTree</key>
			<string>&lt;group&gt;</string>
		</dict>
		<key>469FBDB21A4F2A5700334A3E</key>
		<dict>
			<key>isa</key>
			<string>PBXFileReference</string>
			<key>lastKnownFileType</key>
			<string>file.xib</string>
			<key>name</key>
			<string>Base</string>
			<key>path</key>
			<string>Base.lproj/LaunchScreen.xib</string>
			<key>sourceTree</key>
			<string>&lt;group&gt;</string>
		</dict>
		<key>469FBDB31A4F2A5700334A3E</key>
		<dict>
			<key>fileRef</key>
			<string>469FBDB11A4F2A5700334A3E</string>
			<key>isa</key>
			<string>PBXBuildFile</string>
		</dict>
		<key>469FBDB41A4F2A5700334A3E</key>
		<dict>
			<key>buildActionMask</key>
			<string>2147483647</string>
			<key>files</key>
			<array>
				<string>469FBDBF1A4F2A5700334A3E</string>
			</array>
			<key>isa</key>
			<string>PBXSourcesBuildPhase</string>
			<key>runOnlyForDeploymentPostprocessing</key>
			<string>0</string>
		</dict>
		<key>469FBDB51A4F2A5700334A3E</key>
		<dict>
			<key>buildActionMask</key>
			<string>2147483647</string>
			<key>files</key>
			<array/>
			<key>isa</key>
			<string>PBXFrameworksBuildPhase</string>
			<key>runOnlyForDeploymentPostprocessing</key>
			<string>0</string>
		</dict>
		<key>469FBDB61A4F2A5700334A3E</key>
		<dict>
			<key>buildActionMask</key>
			<string>2147483647</string>
			<key>files</key>
			<array/>
			<key>isa</key>
			<string>PBXResourcesBuildPhase</string>
			<key>runOnlyForDeploymentPostprocessing</key>
			<string>0</string>
		</dict>
		<key>469FBDB71A4F2A5700334A3E</key>
		<dict>
			<key>buildConfigurationList</key>
			<string>469FBDC51A4F2A5700334A3E</string>
			<key>buildPhases</key>
			<array>
				<string>469FBDB41A4F2A5700334A3E</string>
				<string>469FBDB51A4F2A5700334A3E</string>
				<string>469FBDB61A4F2A5700334A3E</string>
			</array>
			<key>buildRules</key>
			<array/>
			<key>dependencies</key>
			<array>
				<string>469FBDBA1A4F2A5700334A3E</string>
			</array>
			<key>isa</key>
			<string>PBXNativeTarget</string>
			<key>name</key>
			<string>17. Async Networking CollectionsTests</string>
			<key>productName</key>
			<string>17. Async Networking CollectionsTests</string>
			<key>productReference</key>
			<string>469FBDB81A4F2A5700334A3E</string>
			<key>productType</key>
			<string>com.apple.product-type.bundle.unit-test</string>
		</dict>
		<key>469FBDB81A4F2A5700334A3E</key>
		<dict>
			<key>explicitFileType</key>
			<string>wrapper.cfbundle</string>
			<key>includeInIndex</key>
			<string>0</string>
			<key>isa</key>
			<string>PBXFileReference</string>
			<key>path</key>
			<string>17. Async Networking CollectionsTests.xctest</string>
			<key>sourceTree</key>
			<string>BUILT_PRODUCTS_DIR</string>
		</dict>
		<key>469FBDB91A4F2A5700334A3E</key>
		<dict>
			<key>containerPortal</key>
			<string>469FBD971A4F2A5700334A3E</string>
			<key>isa</key>
			<string>PBXContainerItemProxy</string>
			<key>proxyType</key>
			<string>1</string>
			<key>remoteGlobalIDString</key>
			<string>469FBD9E1A4F2A5700334A3E</string>
			<key>remoteInfo</key>
			<string>17. Async Networking Collections</string>
		</dict>
		<key>469FBDBA1A4F2A5700334A3E</key>
		<dict>
			<key>isa</key>
			<string>PBXTargetDependency</string>
			<key>target</key>
			<string>469FBD9E1A4F2A5700334A3E</string>
			<key>targetProxy</key>
			<string>469FBDB91A4F2A5700334A3E</string>
		</dict>
		<key>469FBDBB1A4F2A5700334A3E</key>
		<dict>
			<key>children</key>
			<array>
				<string>469FBDBE1A4F2A5700334A3E</string>
				<string>469FBDBC1A4F2A5700334A3E</string>
			</array>
			<key>isa</key>
			<string>PBXGroup</string>
			<key>path</key>
			<string>17. Async Networking CollectionsTests</string>
			<key>sourceTree</key>
			<string>&lt;group&gt;</string>
		</dict>
		<key>469FBDBC1A4F2A5700334A3E</key>
		<dict>
			<key>children</key>
			<array>
				<string>469FBDBD1A4F2A5700334A3E</string>
			</array>
			<key>isa</key>
			<string>PBXGroup</string>
			<key>name</key>
			<string>Supporting Files</string>
			<key>sourceTree</key>
			<string>&lt;group&gt;</string>
		</dict>
		<key>469FBDBD1A4F2A5700334A3E</key>
		<dict>
			<key>isa</key>
			<string>PBXFileReference</string>
			<key>lastKnownFileType</key>
			<string>text.plist.xml</string>
			<key>path</key>
			<string>Info.plist</string>
			<key>sourceTree</key>
			<string>&lt;group&gt;</string>
		</dict>
		<key>469FBDBE1A4F2A5700334A3E</key>
		<dict>
			<key>isa</key>
			<string>PBXFileReference</string>
			<key>lastKnownFileType</key>
			<string>sourcecode.c.objc</string>
			<key>path</key>
			<string>_7__Async_Networking_CollectionsTests.m</string>
			<key>sourceTree</key>
			<string>&lt;group&gt;</string>
		</dict>
		<key>469FBDBF1A4F2A5700334A3E</key>
		<dict>
			<key>fileRef</key>
			<string>469FBDBE1A4F2A5700334A3E</string>
			<key>isa</key>
			<string>PBXBuildFile</string>
		</dict>
		<key>469FBDC01A4F2A5700334A3E</key>
		<dict>
			<key>buildSettings</key>
			<dict>
				<key>ALWAYS_SEARCH_USER_PATHS</key>
				<string>NO</string>
				<key>CLANG_CXX_LANGUAGE_STANDARD</key>
				<string>gnu++0x</string>
				<key>CLANG_CXX_LIBRARY</key>
				<string>libc++</string>
				<key>CLANG_ENABLE_MODULES</key>
				<string>YES</string>
				<key>CLANG_ENABLE_OBJC_ARC</key>
				<string>YES</string>
				<key>CLANG_WARN_BOOL_CONVERSION</key>
				<string>YES</string>
				<key>CLANG_WARN_CONSTANT_CONVERSION</key>
				<string>YES</string>
				<key>CLANG_WARN_DIRECT_OBJC_ISA_USAGE</key>
				<string>YES_ERROR</string>
				<key>CLANG_WARN_EMPTY_BODY</key>
				<string>YES</string>
				<key>CLANG_WARN_ENUM_CONVERSION</key>
				<string>YES</string>
				<key>CLANG_WARN_INT_CONVERSION</key>
				<string>YES</string>
				<key>CLANG_WARN_OBJC_ROOT_CLASS</key>
				<string>YES_ERROR</string>
				<key>CLANG_WARN_UNREACHABLE_CODE</key>
				<string>YES</string>
				<key>CLANG_WARN__DUPLICATE_METHOD_MATCH</key>
				<string>YES</string>
				<key>CODE_SIGN_IDENTITY[sdk=iphoneos*]</key>
				<string>iPhone Developer</string>
				<key>COPY_PHASE_STRIP</key>
				<string>NO</string>
				<key>ENABLE_STRICT_OBJC_MSGSEND</key>
				<string>YES</string>
				<key>GCC_C_LANGUAGE_STANDARD</key>
				<string>gnu99</string>
				<key>GCC_DYNAMIC_NO_PIC</key>
				<string>NO</string>
				<key>GCC_OPTIMIZATION_LEVEL</key>
				<string>0</string>
				<key>GCC_PREPROCESSOR_DEFINITIONS</key>
				<array>
					<string>DEBUG=1</string>
					<string>$(inherited)</string>
				</array>
				<key>GCC_SYMBOLS_PRIVATE_EXTERN</key>
				<string>NO</string>
				<key>GCC_WARN_64_TO_32_BIT_CONVERSION</key>
				<string>YES</string>
				<key>GCC_WARN_ABOUT_RETURN_TYPE</key>
				<string>YES_ERROR</string>
				<key>GCC_WARN_UNDECLARED_SELECTOR</key>
				<string>YES</string>
				<key>GCC_WARN_UNINITIALIZED_AUTOS</key>
				<string>YES_AGGRESSIVE</string>
				<key>GCC_WARN_UNUSED_FUNCTION</key>
				<string>YES</string>
				<key>GCC_WARN_UNUSED_VARIABLE</key>
				<string>YES</string>
				<key>IPHONEOS_DEPLOYMENT_TARGET</key>
				<string>8.1</string>
				<key>MTL_ENABLE_DEBUG_INFO</key>
				<string>YES</string>
				<key>ONLY_ACTIVE_ARCH</key>
				<string>YES</string>
				<key>SDKROOT</key>
				<string>iphoneos</string>
				<key>TARGETED_DEVICE_FAMILY</key>
				<string>2</string>
			</dict>
			<key>isa</key>
			<string>XCBuildConfiguration</string>
			<key>name</key>
			<string>Debug</string>
		</dict>
		<key>469FBDC11A4F2A5700334A3E</key>
		<dict>
			<key>buildSettings</key>
			<dict>
				<key>ALWAYS_SEARCH_USER_PATHS</key>
				<string>NO</string>
				<key>CLANG_CXX_LANGUAGE_STANDARD</key>
				<string>gnu++0x</string>
				<key>CLANG_CXX_LIBRARY</key>
				<string>libc++</string>
				<key>CLANG_ENABLE_MODULES</key>
				<string>YES</string>
				<key>CLANG_ENABLE_OBJC_ARC</key>
				<string>YES</string>
				<key>CLANG_WARN_BOOL_CONVERSION</key>
				<string>YES</string>
				<key>CLANG_WARN_CONSTANT_CONVERSION</key>
				<string>YES</string>
				<key>CLANG_WARN_DIRECT_OBJC_ISA_USAGE</key>
				<string>YES_ERROR</string>
				<key>CLANG_WARN_EMPTY_BODY</key>
				<string>YES</string>
				<key>CLANG_WARN_ENUM_CONVERSION</key>
				<string>YES</string>
				<key>CLANG_WARN_INT_CONVERSION</key>
				<string>YES</string>
				<key>CLANG_WARN_OBJC_ROOT_CLASS</key>
				<string>YES_ERROR</string>
				<key>CLANG_WARN_UNREACHABLE_CODE</key>
				<string>YES</string>
				<key>CLANG_WARN__DUPLICATE_METHOD_MATCH</key>
				<string>YES</string>
				<key>CODE_SIGN_IDENTITY[sdk=iphoneos*]</key>
				<string>iPhone Developer</string>
				<key>COPY_PHASE_STRIP</key>
				<string>YES</string>
				<key>ENABLE_NS_ASSERTIONS</key>
				<string>NO</string>
				<key>ENABLE_STRICT_OBJC_MSGSEND</key>
				<string>YES</string>
				<key>GCC_C_LANGUAGE_STANDARD</key>
				<string>gnu99</string>
				<key>GCC_WARN_64_TO_32_BIT_CONVERSION</key>
				<string>YES</string>
				<key>GCC_WARN_ABOUT_RETURN_TYPE</key>
				<string>YES_ERROR</string>
				<key>GCC_WARN_UNDECLARED_SELECTOR</key>
				<string>YES</string>
				<key>GCC_WARN_UNINITIALIZED_AUTOS</key>
				<string>YES_AGGRESSIVE</string>
				<key>GCC_WARN_UNUSED_FUNCTION</key>
				<string>YES</string>
				<key>GCC_WARN_UNUSED_VARIABLE</key>
				<string>YES</string>
				<key>IPHONEOS_DEPLOYMENT_TARGET</key>
				<string>8.1</string>
				<key>MTL_ENABLE_DEBUG_INFO</key>
				<string>NO</string>
				<key>SDKROOT</key>
				<string>iphoneos</string>
				<key>TARGETED_DEVICE_FAMILY</key>
				<string>2</string>
				<key>VALIDATE_PRODUCT</key>
				<string>YES</string>
			</dict>
			<key>isa</key>
			<string>XCBuildConfiguration</string>
			<key>name</key>
			<string>Release</string>
		</dict>
		<key>469FBDC21A4F2A5700334A3E</key>
		<dict>
			<key>buildConfigurations</key>
			<array>
				<string>469FBDC31A4F2A5700334A3E</string>
				<string>469FBDC41A4F2A5700334A3E</string>
			</array>
			<key>defaultConfigurationIsVisible</key>
			<string>0</string>
			<key>isa</key>
			<string>XCConfigurationList</string>
		</dict>
		<key>469FBDC31A4F2A5700334A3E</key>
		<dict>
			<key>baseConfigurationReference</key>
			<string>06502B1E15726FB033692022</string>
			<key>buildSettings</key>
			<dict>
				<key>ASSETCATALOG_COMPILER_APPICON_NAME</key>
				<string>AppIcon</string>
				<key>INFOPLIST_FILE</key>
				<string>17. Async Networking Collections/Info.plist</string>
				<key>LD_RUNPATH_SEARCH_PATHS</key>
				<string>$(inherited) @executable_path/Frameworks</string>
				<key>PRODUCT_NAME</key>
				<string>$(TARGET_NAME)</string>
			</dict>
			<key>isa</key>
			<string>XCBuildConfiguration</string>
			<key>name</key>
			<string>Debug</string>
		</dict>
		<key>469FBDC41A4F2A5700334A3E</key>
		<dict>
			<key>baseConfigurationReference</key>
			<string>ED5D6ADFCB751B0143248E81</string>
			<key>buildSettings</key>
			<dict>
				<key>ASSETCATALOG_COMPILER_APPICON_NAME</key>
				<string>AppIcon</string>
				<key>INFOPLIST_FILE</key>
				<string>17. Async Networking Collections/Info.plist</string>
				<key>LD_RUNPATH_SEARCH_PATHS</key>
				<string>$(inherited) @executable_path/Frameworks</string>
				<key>PRODUCT_NAME</key>
				<string>$(TARGET_NAME)</string>
			</dict>
			<key>isa</key>
			<string>XCBuildConfiguration</string>
			<key>name</key>
			<string>Release</string>
		</dict>
		<key>469FBDC51A4F2A5700334A3E</key>
		<dict>
			<key>buildConfigurations</key>
			<array>
				<string>469FBDC61A4F2A5700334A3E</string>
				<string>469FBDC71A4F2A5700334A3E</string>
			</array>
			<key>defaultConfigurationIsVisible</key>
			<string>0</string>
			<key>isa</key>
			<string>XCConfigurationList</string>
		</dict>
		<key>469FBDC61A4F2A5700334A3E</key>
		<dict>
			<key>buildSettings</key>
			<dict>
				<key>BUNDLE_LOADER</key>
				<string>$(TEST_HOST)</string>
				<key>FRAMEWORK_SEARCH_PATHS</key>
				<array>
					<string>$(SDKROOT)/Developer/Library/Frameworks</string>
					<string>$(inherited)</string>
				</array>
				<key>GCC_PREPROCESSOR_DEFINITIONS</key>
				<array>
					<string>DEBUG=1</string>
					<string>$(inherited)</string>
				</array>
				<key>INFOPLIST_FILE</key>
				<string>17. Async Networking CollectionsTests/Info.plist</string>
				<key>LD_RUNPATH_SEARCH_PATHS</key>
				<string>$(inherited) @executable_path/Frameworks @loader_path/Frameworks</string>
				<key>PRODUCT_NAME</key>
				<string>$(TARGET_NAME)</string>
				<key>TEST_HOST</key>
				<string>$(BUILT_PRODUCTS_DIR)/17. Async Networking Collections.app/17. Async Networking Collections</string>
			</dict>
			<key>isa</key>
			<string>XCBuildConfiguration</string>
			<key>name</key>
			<string>Debug</string>
		</dict>
		<key>469FBDC71A4F2A5700334A3E</key>
		<dict>
			<key>buildSettings</key>
			<dict>
				<key>BUNDLE_LOADER</key>
				<string>$(TEST_HOST)</string>
				<key>FRAMEWORK_SEARCH_PATHS</key>
				<array>
					<string>$(SDKROOT)/Developer/Library/Frameworks</string>
					<string>$(inherited)</string>
				</array>
				<key>INFOPLIST_FILE</key>
				<string>17. Async Networking CollectionsTests/Info.plist</string>
				<key>LD_RUNPATH_SEARCH_PATHS</key>
				<string>$(inherited) @executable_path/Frameworks @loader_path/Frameworks</string>
				<key>PRODUCT_NAME</key>
				<string>$(TARGET_NAME)</string>
				<key>TEST_HOST</key>
				<string>$(BUILT_PRODUCTS_DIR)/17. Async Networking Collections.app/17. Async Networking Collections</string>
			</dict>
			<key>isa</key>
			<string>XCBuildConfiguration</string>
			<key>name</key>
			<string>Release</string>
		</dict>
		<key>469FBDC81A4F383F00334A3E</key>
		<dict>
			<key>fileEncoding</key>
			<string>4</string>
			<key>isa</key>
			<string>PBXFileReference</string>
			<key>lastKnownFileType</key>
			<string>sourcecode.c.h</string>
			<key>path</key>
			<string>GistViewController.h</string>
			<key>sourceTree</key>
			<string>&lt;group&gt;</string>
		</dict>
		<key>469FBDC91A4F383F00334A3E</key>
		<dict>
			<key>fileEncoding</key>
			<string>4</string>
			<key>isa</key>
			<string>PBXFileReference</string>
			<key>lastKnownFileType</key>
			<string>sourcecode.c.objc</string>
			<key>path</key>
			<string>GistViewController.m</string>
			<key>sourceTree</key>
			<string>&lt;group&gt;</string>
		</dict>
		<key>469FBDCA1A4F383F00334A3E</key>
		<dict>
			<key>fileRef</key>
			<string>469FBDC91A4F383F00334A3E</string>
			<key>isa</key>
			<string>PBXBuildFile</string>
		</dict>
		<key>469FBDCB1A4F385B00334A3E</key>
		<dict>
			<key>fileEncoding</key>
			<string>4</string>
			<key>isa</key>
			<string>PBXFileReference</string>
			<key>lastKnownFileType</key>
			<string>sourcecode.c.h</string>
			<key>path</key>
			<string>Gist.h</string>
			<key>sourceTree</key>
			<string>&lt;group&gt;</string>
		</dict>
		<key>469FBDCC1A4F385B00334A3E</key>
		<dict>
			<key>fileEncoding</key>
			<string>4</string>
			<key>isa</key>
			<string>PBXFileReference</string>
			<key>lastKnownFileType</key>
			<string>sourcecode.c.objc</string>
			<key>path</key>
			<string>Gist.m</string>
			<key>sourceTree</key>
			<string>&lt;group&gt;</string>
		</dict>
		<key>469FBDCD1A4F385B00334A3E</key>
		<dict>
			<key>fileEncoding</key>
			<string>4</string>
			<key>isa</key>
			<string>PBXFileReference</string>
			<key>lastKnownFileType</key>
			<string>sourcecode.c.h</string>
			<key>path</key>
			<string>GistCollectionViewCell.h</string>
			<key>sourceTree</key>
			<string>&lt;group&gt;</string>
		</dict>
		<key>469FBDCE1A4F385B00334A3E</key>
		<dict>
			<key>fileEncoding</key>
			<string>4</string>
			<key>isa</key>
			<string>PBXFileReference</string>
			<key>lastKnownFileType</key>
			<string>sourcecode.c.objc</string>
			<key>path</key>
			<string>GistCollectionViewCell.m</string>
			<key>sourceTree</key>
			<string>&lt;group&gt;</string>
		</dict>
		<key>469FBDCF1A4F385B00334A3E</key>
		<dict>
			<key>fileEncoding</key>
			<string>4</string>
			<key>isa</key>
			<string>PBXFileReference</string>
			<key>lastKnownFileType</key>
			<string>file.xib</string>
			<key>path</key>
			<string>GistCollectionViewCell.xib</string>
			<key>sourceTree</key>
			<string>&lt;group&gt;</string>
		</dict>
		<key>469FBDD01A4F385B00334A3E</key>
		<dict>
			<key>fileEncoding</key>
			<string>4</string>
			<key>isa</key>
			<string>PBXFileReference</string>
			<key>lastKnownFileType</key>
			<string>sourcecode.c.h</string>
			<key>path</key>
			<string>Routing.h</string>
			<key>sourceTree</key>
			<string>&lt;group&gt;</string>
		</dict>
		<key>469FBDD11A4F385B00334A3E</key>
		<dict>
			<key>fileEncoding</key>
			<string>4</string>
			<key>isa</key>
			<string>PBXFileReference</string>
			<key>lastKnownFileType</key>
			<string>sourcecode.c.h</string>
			<key>path</key>
			<string>GistService.h</string>
			<key>sourceTree</key>
			<string>&lt;group&gt;</string>
		</dict>
		<key>469FBDD21A4F385B00334A3E</key>
		<dict>
			<key>fileEncoding</key>
			<string>4</string>
			<key>isa</key>
			<string>PBXFileReference</string>
			<key>lastKnownFileType</key>
			<string>sourcecode.c.objc</string>
			<key>path</key>
			<string>GistService.m</string>
			<key>sourceTree</key>
			<string>&lt;group&gt;</string>
		</dict>
		<key>469FBDD31A4F385B00334A3E</key>
		<dict>
			<key>fileRef</key>
			<string>469FBDCC1A4F385B00334A3E</string>
			<key>isa</key>
			<string>PBXBuildFile</string>
		</dict>
		<key>469FBDD41A4F385B00334A3E</key>
		<dict>
			<key>fileRef</key>
			<string>469FBDCE1A4F385B00334A3E</string>
			<key>isa</key>
			<string>PBXBuildFile</string>
		</dict>
		<key>469FBDD51A4F385B00334A3E</key>
		<dict>
			<key>fileRef</key>
			<string>469FBDCF1A4F385B00334A3E</string>
			<key>isa</key>
			<string>PBXBuildFile</string>
		</dict>
		<key>469FBDD61A4F385B00334A3E</key>
		<dict>
			<key>fileRef</key>
			<string>469FBDD21A4F385B00334A3E</string>
			<key>isa</key>
			<string>PBXBuildFile</string>
		</dict>
		<key>469FBDD71A4F3B9300334A3E</key>
		<dict>
			<key>fileEncoding</key>
			<string>4</string>
			<key>isa</key>
			<string>PBXFileReference</string>
			<key>lastKnownFileType</key>
			<string>sourcecode.c.h</string>
			<key>path</key>
			<string>AvailableGistCollectionViewCell.h</string>
			<key>sourceTree</key>
			<string>&lt;group&gt;</string>
		</dict>
		<key>469FBDD81A4F3B9300334A3E</key>
		<dict>
			<key>fileEncoding</key>
			<string>4</string>
			<key>isa</key>
			<string>PBXFileReference</string>
			<key>lastKnownFileType</key>
			<string>sourcecode.c.objc</string>
			<key>path</key>
			<string>AvailableGistCollectionViewCell.m</string>
			<key>sourceTree</key>
			<string>&lt;group&gt;</string>
		</dict>
		<key>469FBDD91A4F3B9300334A3E</key>
		<dict>
			<key>fileEncoding</key>
			<string>4</string>
			<key>isa</key>
			<string>PBXFileReference</string>
			<key>lastKnownFileType</key>
			<string>file.xib</string>
			<key>path</key>
			<string>AvailableGistCollectionViewCell.xib</string>
			<key>sourceTree</key>
			<string>&lt;group&gt;</string>
		</dict>
		<key>469FBDDA1A4F3B9300334A3E</key>
		<dict>
			<key>fileRef</key>
			<string>469FBDD81A4F3B9300334A3E</string>
			<key>isa</key>
			<string>PBXBuildFile</string>
		</dict>
		<key>469FBDDB1A4F3B9300334A3E</key>
		<dict>
			<key>fileRef</key>
			<string>469FBDD91A4F3B9300334A3E</string>
			<key>isa</key>
			<string>PBXBuildFile</string>
		</dict>
		<key>89E70778868987F5A6703CB8</key>
		<dict>
			<key>buildActionMask</key>
			<string>2147483647</string>
			<key>files</key>
			<array/>
			<key>inputPaths</key>
			<array/>
			<key>isa</key>
			<string>PBXShellScriptBuildPhase</string>
			<key>name</key>
			<string>Copy Pods Resources</string>
			<key>outputPaths</key>
			<array/>
			<key>runOnlyForDeploymentPostprocessing</key>
			<string>0</string>
			<key>shellPath</key>
			<string>/bin/sh</string>
			<key>shellScript</key>
			<string>"${SRCROOT}/Pods/Target Support Files/Pods-17. Async Networking Collections/Pods-17. Async Networking Collections-resources.sh"
</string>
			<key>showEnvVarsInLog</key>
			<string>0</string>
		</dict>
		<key>ADBD7C764D2270F6FF529B49</key>
		<dict>
			<key>fileRef</key>
			<string>41A2277A15F17DE4D478EC39</string>
			<key>isa</key>
			<string>PBXBuildFile</string>
		</dict>
		<key>EAEE988EAC83683DD449ECCF</key>
		<dict>
			<key>children</key>
			<array>
				<string>06502B1E15726FB033692022</string>
				<string>ED5D6ADFCB751B0143248E81</string>
			</array>
			<key>isa</key>
			<string>PBXGroup</string>
			<key>name</key>
			<string>Pods</string>
			<key>sourceTree</key>
			<string>&lt;group&gt;</string>
		</dict>
		<key>ED5D6ADFCB751B0143248E81</key>
		<dict>
			<key>includeInIndex</key>
			<string>1</string>
			<key>isa</key>
			<string>PBXFileReference</string>
			<key>lastKnownFileType</key>
			<string>text.xcconfig</string>
			<key>name</key>
			<string>Pods-17. Async Networking Collections.release.xcconfig</string>
			<key>path</key>
			<string>Pods/Target Support Files/Pods-17. Async Networking Collections/Pods-17. Async Networking Collections.release.xcconfig</string>
			<key>sourceTree</key>
			<string>&lt;group&gt;</string>
		</dict>
	</dict>
	<key>rootObject</key>
	<string>469FBD971A4F2A5700334A3E</string>
</dict>
</plist>
